// !$*UTF8*$!
{
	archiveVersion = 1;
	classes = {
	};
	objectVersion = 50;
	objects = {

/* Begin PBXBuildFile section */
		091983CB2131A54A00E35196 /* YUUTeamInfoView.m in Sources */ = {isa = PBXBuildFile; fileRef = 091983CA2131A54A00E35196 /* YUUTeamInfoView.m */; };
		091983CD2131A55600E35196 /* YUUTeamInfoView.xib in Resources */ = {isa = PBXBuildFile; fileRef = 091983CC2131A55600E35196 /* YUUTeamInfoView.xib */; };
		091983D02131A95A00E35196 /* YUUUserInfoView.m in Sources */ = {isa = PBXBuildFile; fileRef = 091983CF2131A95A00E35196 /* YUUUserInfoView.m */; };
		091983D22131A96900E35196 /* YUUUserInfoView.xib in Resources */ = {isa = PBXBuildFile; fileRef = 091983D12131A96900E35196 /* YUUUserInfoView.xib */; };
		091D8E392130D66D00C430AB /* YUUTransactionModel.m in Sources */ = {isa = PBXBuildFile; fileRef = 091D8E382130D66D00C430AB /* YUUTransactionModel.m */; };
		091D8E432130D8C900C430AB /* YUUMineMarketPriceCell.m in Sources */ = {isa = PBXBuildFile; fileRef = 091D8E3C2130D8C800C430AB /* YUUMineMarketPriceCell.m */; };
		091D8E442130D8C900C430AB /* YUUMineMarketVC.m in Sources */ = {isa = PBXBuildFile; fileRef = 091D8E3D2130D8C800C430AB /* YUUMineMarketVC.m */; };
		091D8E452130D8C900C430AB /* YUUMineMarketMailCell.m in Sources */ = {isa = PBXBuildFile; fileRef = 091D8E402130D8C800C430AB /* YUUMineMarketMailCell.m */; };
		091D8E462130D8C900C430AB /* YUUMineMarketPointCell.m in Sources */ = {isa = PBXBuildFile; fileRef = 091D8E422130D8C800C430AB /* YUUMineMarketPointCell.m */; };
		091D8E492130DF1800C430AB /* YUUSellerInfoView.m in Sources */ = {isa = PBXBuildFile; fileRef = 091D8E482130DF1800C430AB /* YUUSellerInfoView.m */; };
		091D8E4B2130DF2C00C430AB /* YUUSellerInfoView.xib in Resources */ = {isa = PBXBuildFile; fileRef = 091D8E4A2130DF2C00C430AB /* YUUSellerInfoView.xib */; };
		091DBB0A212A3E86005DC12C /* YUUTabBarController.m in Sources */ = {isa = PBXBuildFile; fileRef = 091DBB09212A3E86005DC12C /* YUUTabBarController.m */; };
		091DBB10212A3F31005DC12C /* YUUTabBar.storyboard in Resources */ = {isa = PBXBuildFile; fileRef = 091DBB0F212A3F31005DC12C /* YUUTabBar.storyboard */; };
		09207E1921270C6A00952C6D /* YUUMachineMarketVC.m in Sources */ = {isa = PBXBuildFile; fileRef = 09207E0A21270C6A00952C6D /* YUUMachineMarketVC.m */; };
		09207E1A21270C6A00952C6D /* YUUMachineMarketCell.m in Sources */ = {isa = PBXBuildFile; fileRef = 09207E0C21270C6A00952C6D /* YUUMachineMarketCell.m */; };
		09207E1B21270C6A00952C6D /* YUUMachineMarket.storyboard in Resources */ = {isa = PBXBuildFile; fileRef = 09207E0D21270C6A00952C6D /* YUUMachineMarket.storyboard */; };
		09207E1D21270C6A00952C6D /* YUUMineMachine.storyboard in Resources */ = {isa = PBXBuildFile; fileRef = 09207E1221270C6A00952C6D /* YUUMineMachine.storyboard */; };
		09207E1E21270C6A00952C6D /* YUUMinePool.storyboard in Resources */ = {isa = PBXBuildFile; fileRef = 09207E1421270C6A00952C6D /* YUUMinePool.storyboard */; };
		09207E1F21270C6A00952C6D /* YUUMinePoolVC.m in Sources */ = {isa = PBXBuildFile; fileRef = 09207E1721270C6A00952C6D /* YUUMinePoolVC.m */; };
		09207E2021270C6A00952C6D /* YUUMinePoolCell.m in Sources */ = {isa = PBXBuildFile; fileRef = 09207E1821270C6A00952C6D /* YUUMinePoolCell.m */; };
		09225516212B9943000BF25B /* YUUBaseTableViewCell.m in Sources */ = {isa = PBXBuildFile; fileRef = 09225515212B9943000BF25B /* YUUBaseTableViewCell.m */; };
		09225519212B9F31000BF25B /* YUUMineMachineVC.m in Sources */ = {isa = PBXBuildFile; fileRef = 09225518212B9F31000BF25B /* YUUMineMachineVC.m */; };
		0922551C212B9F78000BF25B /* YUUBaseTableView.m in Sources */ = {isa = PBXBuildFile; fileRef = 0922551B212B9F78000BF25B /* YUUBaseTableView.m */; };
		0926F06B213289050083CFDD /* YUUBorderTextField.m in Sources */ = {isa = PBXBuildFile; fileRef = 0926F06A213289050083CFDD /* YUUBorderTextField.m */; };
		0926F07221328E200083CFDD /* HUD.m in Sources */ = {isa = PBXBuildFile; fileRef = 0926F07021328E200083CFDD /* HUD.m */; };
		0926F07321328E200083CFDD /* HUDManager.m in Sources */ = {isa = PBXBuildFile; fileRef = 0926F07121328E200083CFDD /* HUDManager.m */; };
		0926F076213298B20083CFDD /* YUUBorderButton.m in Sources */ = {isa = PBXBuildFile; fileRef = 0926F075213298B20083CFDD /* YUUBorderButton.m */; };
		0926F0792132993C0083CFDD /* HUDView.m in Sources */ = {isa = PBXBuildFile; fileRef = 0926F0782132993C0083CFDD /* HUDView.m */; };
		095181CC212CE03D0083C009 /* SHSegmentView.m in Sources */ = {isa = PBXBuildFile; fileRef = 095181CB212CE03D0083C009 /* SHSegmentView.m */; };
		095181D0212CECEF0083C009 /* YUUUserModel.m in Sources */ = {isa = PBXBuildFile; fileRef = 095181CF212CECEF0083C009 /* YUUUserModel.m */; };
		0951820C212D84C40083C009 /* UIViewController+Help.m in Sources */ = {isa = PBXBuildFile; fileRef = 0951820A212D84C30083C009 /* UIViewController+Help.m */; };
		0958B99E212C011F00B105CE /* YUUMineMachineCell.m in Sources */ = {isa = PBXBuildFile; fileRef = 0958B99D212C011F00B105CE /* YUUMineMachineCell.m */; };
		0958B9A1212C024A00B105CE /* YUUBaseModel.m in Sources */ = {isa = PBXBuildFile; fileRef = 0958B9A0212C024A00B105CE /* YUUBaseModel.m */; };
		0958B9A4212C031E00B105CE /* YUUMachineModel.m in Sources */ = {isa = PBXBuildFile; fileRef = 0958B9A2212C031D00B105CE /* YUUMachineModel.m */; };
		095F4A62212A774C00098859 /* UIColor+Help.m in Sources */ = {isa = PBXBuildFile; fileRef = 095F4A60212A774C00098859 /* UIColor+Help.m */; };
		095F4A66212A96A200098859 /* YUUBaseViewController.m in Sources */ = {isa = PBXBuildFile; fileRef = 095F4A65212A96A200098859 /* YUUBaseViewController.m */; };
		095F4A69212AC0C000098859 /* UINavigationController+help.m in Sources */ = {isa = PBXBuildFile; fileRef = 095F4A68212AC0C000098859 /* UINavigationController+help.m */; };
		09612989212E298200D9D02C /* YUUMineMarket.storyboard in Resources */ = {isa = PBXBuildFile; fileRef = 09612988212E298200D9D02C /* YUUMineMarket.storyboard */; };
		09612992212E40F700D9D02C /* YUUButton.m in Sources */ = {isa = PBXBuildFile; fileRef = 09612991212E40F700D9D02C /* YUUButton.m */; };
		09612995212E510A00D9D02C /* YUUPendingOrderVC.m in Sources */ = {isa = PBXBuildFile; fileRef = 09612994212E510A00D9D02C /* YUUPendingOrderVC.m */; };
		1877D49F213109D300D5FDAE /* YUUModifyPassword.m in Sources */ = {isa = PBXBuildFile; fileRef = 1877D49E213109D300D5FDAE /* YUUModifyPassword.m */; };
		1877D4A2213145B500D5FDAE /* YUUCurrencyTransactionCtrl.m in Sources */ = {isa = PBXBuildFile; fileRef = 1877D4A1213145B500D5FDAE /* YUUCurrencyTransactionCtrl.m */; };
		1877D4A521314C1C00D5FDAE /* YUUTransactionHisCtrl.m in Sources */ = {isa = PBXBuildFile; fileRef = 1877D4A421314C1C00D5FDAE /* YUUTransactionHisCtrl.m */; };
		1877D4A82131543900D5FDAE /* YUUBillCenterCtrl.m in Sources */ = {isa = PBXBuildFile; fileRef = 1877D4A72131543900D5FDAE /* YUUBillCenterCtrl.m */; };
		1877D4B1213644BC00D5FDAE /* YUURegisterRequest.m in Sources */ = {isa = PBXBuildFile; fileRef = 1877D4B0213644BC00D5FDAE /* YUURegisterRequest.m */; };
		1877D4D821367FB800D5FDAE /* AdSupport.framework in Frameworks */ = {isa = PBXBuildFile; fileRef = 1877D4D721367FB800D5FDAE /* AdSupport.framework */; };
		1877D4DA213685FC00D5FDAE /* CoreTelephony.framework in Frameworks */ = {isa = PBXBuildFile; fileRef = 1877D4D9213685FC00D5FDAE /* CoreTelephony.framework */; };
		189CC550212A95A700E8E2E4 /* YUUForgetCtrl.m in Sources */ = {isa = PBXBuildFile; fileRef = 189CC54F212A95A700E8E2E4 /* YUUForgetCtrl.m */; };
		189CC553212A964800E8E2E4 /* YUUSignUpCtrl.m in Sources */ = {isa = PBXBuildFile; fileRef = 189CC552212A964800E8E2E4 /* YUUSignUpCtrl.m */; };
		189CC55B212D61DD00E8E2E4 /* YUUProfileCtrl.m in Sources */ = {isa = PBXBuildFile; fileRef = 189CC55A212D61DD00E8E2E4 /* YUUProfileCtrl.m */; };
		189CC55E212E97B000E8E2E4 /* YUUMineDetailCtrl.m in Sources */ = {isa = PBXBuildFile; fileRef = 189CC55D212E97B000E8E2E4 /* YUUMineDetailCtrl.m */; };
		189CC561212EAAA800E8E2E4 /* YUUProfileAuthenCtrl.m in Sources */ = {isa = PBXBuildFile; fileRef = 189CC560212EAAA800E8E2E4 /* YUUProfileAuthenCtrl.m */; };
		189CC564212EB9A500E8E2E4 /* YUUCreditCard.m in Sources */ = {isa = PBXBuildFile; fileRef = 189CC563212EB9A500E8E2E4 /* YUUCreditCard.m */; };
		189CC567212EC4FE00E8E2E4 /* YUUViturlWallet.m in Sources */ = {isa = PBXBuildFile; fileRef = 189CC566212EC4FE00E8E2E4 /* YUUViturlWallet.m */; };
		189CC56A212FE52000E8E2E4 /* YUUProfileAuthenEditeCtrl.m in Sources */ = {isa = PBXBuildFile; fileRef = 189CC569212FE52000E8E2E4 /* YUUProfileAuthenEditeCtrl.m */; };
		189CC56D212FE93800E8E2E4 /* YUUMessageCtrl.m in Sources */ = {isa = PBXBuildFile; fileRef = 189CC56C212FE93800E8E2E4 /* YUUMessageCtrl.m */; };
		189CC570212FF72400E8E2E4 /* YUUMessageDetailCtrl.m in Sources */ = {isa = PBXBuildFile; fileRef = 189CC56F212FF72400E8E2E4 /* YUUMessageDetailCtrl.m */; };
		189CC5732130FC4C00E8E2E4 /* YUUSetingCtrl.m in Sources */ = {isa = PBXBuildFile; fileRef = 189CC5722130FC4C00E8E2E4 /* YUUSetingCtrl.m */; };
		18D3530B21368F4000990F7C /* LICENSE in Resources */ = {isa = PBXBuildFile; fileRef = 18D3530721368F4000990F7C /* LICENSE */; };
		18D3530C21368F4000990F7C /* HMWADSimulateIDFA.m in Sources */ = {isa = PBXBuildFile; fileRef = 18D3530821368F4000990F7C /* HMWADSimulateIDFA.m */; };
		18D3530D21368F4000990F7C /* readme.md in Resources */ = {isa = PBXBuildFile; fileRef = 18D3530921368F4000990F7C /* readme.md */; };
		18D353112136A16800990F7C /* YUUEncryMgr.m in Sources */ = {isa = PBXBuildFile; fileRef = 18D353102136A16800990F7C /* YUUEncryMgr.m */; };
		18D353142136A5DC00990F7C /* YUULoginRequest.m in Sources */ = {isa = PBXBuildFile; fileRef = 18D353132136A5DC00990F7C /* YUULoginRequest.m */; };
		18D353172136B00D00990F7C /* YUUForgetRequest.m in Sources */ = {isa = PBXBuildFile; fileRef = 18D353162136B00D00990F7C /* YUUForgetRequest.m */; };
		18D353202136F25300990F7C /* YUULauchAppRequest.m in Sources */ = {isa = PBXBuildFile; fileRef = 18D3531F2136F25300990F7C /* YUULauchAppRequest.m */; };
		18D353232136F30800990F7C /* YUUCertificationRequest.m in Sources */ = {isa = PBXBuildFile; fileRef = 18D353222136F30800990F7C /* YUUCertificationRequest.m */; };
		18D3532621379D9000990F7C /* YUUCommonModel.m in Sources */ = {isa = PBXBuildFile; fileRef = 18D3532521379D9000990F7C /* YUUCommonModel.m */; };
		18D353292137A2F900990F7C /* YUUProfileMessageListRequest.m in Sources */ = {isa = PBXBuildFile; fileRef = 18D353282137A2F900990F7C /* YUUProfileMessageListRequest.m */; };
		18D3532C2137C46F00990F7C /* YUUMsgModel.m in Sources */ = {isa = PBXBuildFile; fileRef = 18D3532B2137C46F00990F7C /* YUUMsgModel.m */; };
		18D3532F2137D02700990F7C /* YUUModifyLoginRequest.m in Sources */ = {isa = PBXBuildFile; fileRef = 18D3532E2137D02700990F7C /* YUUModifyLoginRequest.m */; };
		18D353322137D1F400990F7C /* YUUModifyTransactionRequest.m in Sources */ = {isa = PBXBuildFile; fileRef = 18D353312137D1F400990F7C /* YUUModifyTransactionRequest.m */; };
		18D353352137D36E00990F7C /* YUUForgetTransactionRequest.m in Sources */ = {isa = PBXBuildFile; fileRef = 18D353342137D36E00990F7C /* YUUForgetTransactionRequest.m */; };
		18D353382137D4DE00990F7C /* YUUMineDetailRequest.m in Sources */ = {isa = PBXBuildFile; fileRef = 18D353372137D4DE00990F7C /* YUUMineDetailRequest.m */; };
		18D3533B2137D5C800990F7C /* YUUMineDetailModel.m in Sources */ = {isa = PBXBuildFile; fileRef = 18D3533A2137D5C800990F7C /* YUUMineDetailModel.m */; };
		18D353412137D8BB00990F7C /* YUUUserSendwxRequest.m in Sources */ = {isa = PBXBuildFile; fileRef = 18D353402137D8BB00990F7C /* YUUUserSendwxRequest.m */; };
		18D353442137DA3900990F7C /* YUUUserSendAlipayRequest.m in Sources */ = {isa = PBXBuildFile; fileRef = 18D353432137DA3900990F7C /* YUUUserSendAlipayRequest.m */; };
		18D353472137DB3E00990F7C /* YUUUserSendWalletRequest.m in Sources */ = {isa = PBXBuildFile; fileRef = 18D353462137DB3E00990F7C /* YUUUserSendWalletRequest.m */; };
		18D3534A2137DC1000990F7C /* YUUBillCenterRequest.m in Sources */ = {isa = PBXBuildFile; fileRef = 18D353492137DC1000990F7C /* YUUBillCenterRequest.m */; };
		18D3534D2137DCCE00990F7C /* YUUBillModel.m in Sources */ = {isa = PBXBuildFile; fileRef = 18D3534C2137DCCE00990F7C /* YUUBillModel.m */; };
		18D353502137E03800990F7C /* YUUCurrencySellRequest.m in Sources */ = {isa = PBXBuildFile; fileRef = 18D3534F2137E03800990F7C /* YUUCurrencySellRequest.m */; };
		18D353532137E12D00990F7C /* YUUCurrencyHistoryRequest.m in Sources */ = {isa = PBXBuildFile; fileRef = 18D353522137E12D00990F7C /* YUUCurrencyHistoryRequest.m */; };
		18D353562137E1D500990F7C /* YUUCurrencyHistoryModel.m in Sources */ = {isa = PBXBuildFile; fileRef = 18D353552137E1D500990F7C /* YUUCurrencyHistoryModel.m */; };
		18D353592137E3D700990F7C /* YUUCallCenterRequest.m in Sources */ = {isa = PBXBuildFile; fileRef = 18D353582137E3D700990F7C /* YUUCallCenterRequest.m */; };
		18D3535C2137E4AF00990F7C /* YUUMilltraderRequest.m in Sources */ = {isa = PBXBuildFile; fileRef = 18D3535B2137E4AF00990F7C /* YUUMilltraderRequest.m */; };
		18D3535F2137E52900990F7C /* YUUMilltraderModel.m in Sources */ = {isa = PBXBuildFile; fileRef = 18D3535E2137E52900990F7C /* YUUMilltraderModel.m */; };
		18D353682137EDFF00990F7C /* YUUBuyMachineRequest.m in Sources */ = {isa = PBXBuildFile; fileRef = 18D353672137EDFF00990F7C /* YUUBuyMachineRequest.m */; };
		18D3536B2137EE7E00990F7C /* YUUMachineListRequest.m in Sources */ = {isa = PBXBuildFile; fileRef = 18D3536A2137EE7E00990F7C /* YUUMachineListRequest.m */; };
		18D3536E2137EF1000990F7C /* YUUMachineArrModel.m in Sources */ = {isa = PBXBuildFile; fileRef = 18D3536D2137EF1000990F7C /* YUUMachineArrModel.m */; };
		18D353712137F53500990F7C /* YUUMachinepoolRequst.m in Sources */ = {isa = PBXBuildFile; fileRef = 18D353702137F53500990F7C /* YUUMachinepoolRequst.m */; };
		18D353742137F60700990F7C /* YUUMachinePoolArrModel.m in Sources */ = {isa = PBXBuildFile; fileRef = 18D353732137F60700990F7C /* YUUMachinePoolArrModel.m */; };
		18EDE40C21257A3700FC8E0C /* AppDelegate.m in Sources */ = {isa = PBXBuildFile; fileRef = 18EDE40B21257A3700FC8E0C /* AppDelegate.m */; };
		18EDE40F21257A3700FC8E0C /* ViewController.m in Sources */ = {isa = PBXBuildFile; fileRef = 18EDE40E21257A3700FC8E0C /* ViewController.m */; };
		18EDE41221257A3700FC8E0C /* Main.storyboard in Resources */ = {isa = PBXBuildFile; fileRef = 18EDE41021257A3700FC8E0C /* Main.storyboard */; };
		18EDE41421257A3A00FC8E0C /* Assets.xcassets in Resources */ = {isa = PBXBuildFile; fileRef = 18EDE41321257A3A00FC8E0C /* Assets.xcassets */; };
		18EDE41721257A3A00FC8E0C /* LaunchScreen.storyboard in Resources */ = {isa = PBXBuildFile; fileRef = 18EDE41521257A3A00FC8E0C /* LaunchScreen.storyboard */; };
		18EDE41A21257A3A00FC8E0C /* main.m in Sources */ = {isa = PBXBuildFile; fileRef = 18EDE41921257A3A00FC8E0C /* main.m */; };
		18F85CD72126B295001A3205 /* HLCLog.m in Sources */ = {isa = PBXBuildFile; fileRef = 18F85CD52126B295001A3205 /* HLCLog.m */; };
		18F85CE72126B3A2001A3205 /* ZHAFNetworkReachabilityManager.m in Sources */ = {isa = PBXBuildFile; fileRef = 18F85CDA2126B3A2001A3205 /* ZHAFNetworkReachabilityManager.m */; };
		18F85CE82126B3A2001A3205 /* ZHAFSecurityPolicy.m in Sources */ = {isa = PBXBuildFile; fileRef = 18F85CDC2126B3A2001A3205 /* ZHAFSecurityPolicy.m */; };
		18F85CE92126B3A2001A3205 /* ZHAFHTTPSessionManager.m in Sources */ = {isa = PBXBuildFile; fileRef = 18F85CDF2126B3A2001A3205 /* ZHAFHTTPSessionManager.m */; };
		18F85CEA2126B3A2001A3205 /* ZHAFURLResponseSerialization.m in Sources */ = {isa = PBXBuildFile; fileRef = 18F85CE22126B3A2001A3205 /* ZHAFURLResponseSerialization.m */; };
		18F85CEB2126B3A2001A3205 /* ZHAFURLSessionManager.m in Sources */ = {isa = PBXBuildFile; fileRef = 18F85CE42126B3A2001A3205 /* ZHAFURLSessionManager.m */; };
		18F85CEC2126B3A2001A3205 /* ZHAFURLRequestSerialization.m in Sources */ = {isa = PBXBuildFile; fileRef = 18F85CE62126B3A2001A3205 /* ZHAFURLRequestSerialization.m */; };
		18F85D0B2126B9D7001A3205 /* UIDevice+YUUDe.m in Sources */ = {isa = PBXBuildFile; fileRef = 18F85D0A2126B9D7001A3205 /* UIDevice+YUUDe.m */; };
		18F85D0E2126BA93001A3205 /* HLCNetworkReachability.m in Sources */ = {isa = PBXBuildFile; fileRef = 18F85D0D2126BA93001A3205 /* HLCNetworkReachability.m */; };
		18F85D202129048F001A3205 /* YUUBaseRequest.m in Sources */ = {isa = PBXBuildFile; fileRef = 18F85D1E2129048F001A3205 /* YUUBaseRequest.m */; };
		18F85D212129048F001A3205 /* YUUResponse.m in Sources */ = {isa = PBXBuildFile; fileRef = 18F85D1F2129048F001A3205 /* YUUResponse.m */; };
		18F85D2421290981001A3205 /* YUUSuperCtrl.m in Sources */ = {isa = PBXBuildFile; fileRef = 18F85D2321290981001A3205 /* YUUSuperCtrl.m */; };
		18F85D2821290A58001A3205 /* YUULoginCtrl.m in Sources */ = {isa = PBXBuildFile; fileRef = 18F85D2721290A58001A3205 /* YUULoginCtrl.m */; };
		FCF2E7AEAB778F8ABA8D959A /* libPods-YUU.a in Frameworks */ = {isa = PBXBuildFile; fileRef = DC5ACEB701D806D505D5CF79 /* libPods-YUU.a */; };
/* End PBXBuildFile section */

/* Begin PBXFileReference section */
		091983C92131A54A00E35196 /* YUUTeamInfoView.h */ = {isa = PBXFileReference; lastKnownFileType = sourcecode.c.h; path = YUUTeamInfoView.h; sourceTree = "<group>"; };
		091983CA2131A54A00E35196 /* YUUTeamInfoView.m */ = {isa = PBXFileReference; lastKnownFileType = sourcecode.c.objc; path = YUUTeamInfoView.m; sourceTree = "<group>"; };
		091983CC2131A55600E35196 /* YUUTeamInfoView.xib */ = {isa = PBXFileReference; lastKnownFileType = file.xib; path = YUUTeamInfoView.xib; sourceTree = "<group>"; };
		091983CE2131A95A00E35196 /* YUUUserInfoView.h */ = {isa = PBXFileReference; lastKnownFileType = sourcecode.c.h; path = YUUUserInfoView.h; sourceTree = "<group>"; };
		091983CF2131A95A00E35196 /* YUUUserInfoView.m */ = {isa = PBXFileReference; lastKnownFileType = sourcecode.c.objc; path = YUUUserInfoView.m; sourceTree = "<group>"; };
		091983D12131A96900E35196 /* YUUUserInfoView.xib */ = {isa = PBXFileReference; lastKnownFileType = file.xib; path = YUUUserInfoView.xib; sourceTree = "<group>"; };
		091D8E372130D66D00C430AB /* YUUTransactionModel.h */ = {isa = PBXFileReference; lastKnownFileType = sourcecode.c.h; path = YUUTransactionModel.h; sourceTree = "<group>"; };
		091D8E382130D66D00C430AB /* YUUTransactionModel.m */ = {isa = PBXFileReference; lastKnownFileType = sourcecode.c.objc; path = YUUTransactionModel.m; sourceTree = "<group>"; };
		091D8E3B2130D8C800C430AB /* YUUMineMarketMailCell.h */ = {isa = PBXFileReference; fileEncoding = 4; lastKnownFileType = sourcecode.c.h; path = YUUMineMarketMailCell.h; sourceTree = "<group>"; };
		091D8E3C2130D8C800C430AB /* YUUMineMarketPriceCell.m */ = {isa = PBXFileReference; fileEncoding = 4; lastKnownFileType = sourcecode.c.objc; path = YUUMineMarketPriceCell.m; sourceTree = "<group>"; };
		091D8E3D2130D8C800C430AB /* YUUMineMarketVC.m */ = {isa = PBXFileReference; fileEncoding = 4; lastKnownFileType = sourcecode.c.objc; path = YUUMineMarketVC.m; sourceTree = "<group>"; };
		091D8E3E2130D8C800C430AB /* YUUMineMarketPointCell.h */ = {isa = PBXFileReference; fileEncoding = 4; lastKnownFileType = sourcecode.c.h; path = YUUMineMarketPointCell.h; sourceTree = "<group>"; };
		091D8E3F2130D8C800C430AB /* YUUMineMarketPriceCell.h */ = {isa = PBXFileReference; fileEncoding = 4; lastKnownFileType = sourcecode.c.h; path = YUUMineMarketPriceCell.h; sourceTree = "<group>"; };
		091D8E402130D8C800C430AB /* YUUMineMarketMailCell.m */ = {isa = PBXFileReference; fileEncoding = 4; lastKnownFileType = sourcecode.c.objc; path = YUUMineMarketMailCell.m; sourceTree = "<group>"; };
		091D8E412130D8C800C430AB /* YUUMineMarketVC.h */ = {isa = PBXFileReference; fileEncoding = 4; lastKnownFileType = sourcecode.c.h; path = YUUMineMarketVC.h; sourceTree = "<group>"; };
		091D8E422130D8C800C430AB /* YUUMineMarketPointCell.m */ = {isa = PBXFileReference; fileEncoding = 4; lastKnownFileType = sourcecode.c.objc; path = YUUMineMarketPointCell.m; sourceTree = "<group>"; };
		091D8E472130DF1800C430AB /* YUUSellerInfoView.h */ = {isa = PBXFileReference; lastKnownFileType = sourcecode.c.h; path = YUUSellerInfoView.h; sourceTree = "<group>"; };
		091D8E482130DF1800C430AB /* YUUSellerInfoView.m */ = {isa = PBXFileReference; lastKnownFileType = sourcecode.c.objc; path = YUUSellerInfoView.m; sourceTree = "<group>"; };
		091D8E4A2130DF2C00C430AB /* YUUSellerInfoView.xib */ = {isa = PBXFileReference; lastKnownFileType = file.xib; path = YUUSellerInfoView.xib; sourceTree = "<group>"; };
		091DBB08212A3E86005DC12C /* YUUTabBarController.h */ = {isa = PBXFileReference; lastKnownFileType = sourcecode.c.h; path = YUUTabBarController.h; sourceTree = "<group>"; };
		091DBB09212A3E86005DC12C /* YUUTabBarController.m */ = {isa = PBXFileReference; lastKnownFileType = sourcecode.c.objc; path = YUUTabBarController.m; sourceTree = "<group>"; };
		091DBB0F212A3F31005DC12C /* YUUTabBar.storyboard */ = {isa = PBXFileReference; lastKnownFileType = file.storyboard; path = YUUTabBar.storyboard; sourceTree = "<group>"; };
		09207E0A21270C6A00952C6D /* YUUMachineMarketVC.m */ = {isa = PBXFileReference; fileEncoding = 4; lastKnownFileType = sourcecode.c.objc; path = YUUMachineMarketVC.m; sourceTree = "<group>"; };
		09207E0C21270C6A00952C6D /* YUUMachineMarketCell.m */ = {isa = PBXFileReference; fileEncoding = 4; lastKnownFileType = sourcecode.c.objc; path = YUUMachineMarketCell.m; sourceTree = "<group>"; };
		09207E0D21270C6A00952C6D /* YUUMachineMarket.storyboard */ = {isa = PBXFileReference; fileEncoding = 4; lastKnownFileType = file.storyboard; path = YUUMachineMarket.storyboard; sourceTree = "<group>"; };
		09207E0E21270C6A00952C6D /* YUUMachineMarketVC.h */ = {isa = PBXFileReference; fileEncoding = 4; lastKnownFileType = sourcecode.c.h; path = YUUMachineMarketVC.h; sourceTree = "<group>"; };
		09207E1021270C6A00952C6D /* YUUMachineMarketCell.h */ = {isa = PBXFileReference; fileEncoding = 4; lastKnownFileType = sourcecode.c.h; path = YUUMachineMarketCell.h; sourceTree = "<group>"; };
		09207E1221270C6A00952C6D /* YUUMineMachine.storyboard */ = {isa = PBXFileReference; fileEncoding = 4; lastKnownFileType = file.storyboard; path = YUUMineMachine.storyboard; sourceTree = "<group>"; };
		09207E1421270C6A00952C6D /* YUUMinePool.storyboard */ = {isa = PBXFileReference; fileEncoding = 4; lastKnownFileType = file.storyboard; path = YUUMinePool.storyboard; sourceTree = "<group>"; };
		09207E1521270C6A00952C6D /* YUUMinePoolCell.h */ = {isa = PBXFileReference; fileEncoding = 4; lastKnownFileType = sourcecode.c.h; path = YUUMinePoolCell.h; sourceTree = "<group>"; };
		09207E1621270C6A00952C6D /* YUUMinePoolVC.h */ = {isa = PBXFileReference; fileEncoding = 4; lastKnownFileType = sourcecode.c.h; path = YUUMinePoolVC.h; sourceTree = "<group>"; };
		09207E1721270C6A00952C6D /* YUUMinePoolVC.m */ = {isa = PBXFileReference; fileEncoding = 4; lastKnownFileType = sourcecode.c.objc; path = YUUMinePoolVC.m; sourceTree = "<group>"; };
		09207E1821270C6A00952C6D /* YUUMinePoolCell.m */ = {isa = PBXFileReference; fileEncoding = 4; lastKnownFileType = sourcecode.c.objc; path = YUUMinePoolCell.m; sourceTree = "<group>"; };
		09225514212B9943000BF25B /* YUUBaseTableViewCell.h */ = {isa = PBXFileReference; lastKnownFileType = sourcecode.c.h; path = YUUBaseTableViewCell.h; sourceTree = "<group>"; };
		09225515212B9943000BF25B /* YUUBaseTableViewCell.m */ = {isa = PBXFileReference; lastKnownFileType = sourcecode.c.objc; path = YUUBaseTableViewCell.m; sourceTree = "<group>"; };
		09225517212B9F31000BF25B /* YUUMineMachineVC.h */ = {isa = PBXFileReference; lastKnownFileType = sourcecode.c.h; path = YUUMineMachineVC.h; sourceTree = "<group>"; };
		09225518212B9F31000BF25B /* YUUMineMachineVC.m */ = {isa = PBXFileReference; lastKnownFileType = sourcecode.c.objc; path = YUUMineMachineVC.m; sourceTree = "<group>"; };
		0922551A212B9F78000BF25B /* YUUBaseTableView.h */ = {isa = PBXFileReference; lastKnownFileType = sourcecode.c.h; path = YUUBaseTableView.h; sourceTree = "<group>"; };
		0922551B212B9F78000BF25B /* YUUBaseTableView.m */ = {isa = PBXFileReference; lastKnownFileType = sourcecode.c.objc; path = YUUBaseTableView.m; sourceTree = "<group>"; };
		0922551E212BA040000BF25B /* YUUColor.h */ = {isa = PBXFileReference; lastKnownFileType = sourcecode.c.h; path = YUUColor.h; sourceTree = "<group>"; };
		0926F069213289050083CFDD /* YUUBorderTextField.h */ = {isa = PBXFileReference; lastKnownFileType = sourcecode.c.h; path = YUUBorderTextField.h; sourceTree = "<group>"; };
		0926F06A213289050083CFDD /* YUUBorderTextField.m */ = {isa = PBXFileReference; lastKnownFileType = sourcecode.c.objc; path = YUUBorderTextField.m; sourceTree = "<group>"; };
		0926F06C21328B990083CFDD /* HUDProtocol.h */ = {isa = PBXFileReference; lastKnownFileType = sourcecode.c.h; path = HUDProtocol.h; sourceTree = "<group>"; };
		0926F06E21328E200083CFDD /* HUD.h */ = {isa = PBXFileReference; fileEncoding = 4; lastKnownFileType = sourcecode.c.h; path = HUD.h; sourceTree = "<group>"; };
		0926F06F21328E200083CFDD /* HUDManager.h */ = {isa = PBXFileReference; fileEncoding = 4; lastKnownFileType = sourcecode.c.h; path = HUDManager.h; sourceTree = "<group>"; };
		0926F07021328E200083CFDD /* HUD.m */ = {isa = PBXFileReference; fileEncoding = 4; lastKnownFileType = sourcecode.c.objc; path = HUD.m; sourceTree = "<group>"; };
		0926F07121328E200083CFDD /* HUDManager.m */ = {isa = PBXFileReference; fileEncoding = 4; lastKnownFileType = sourcecode.c.objc; path = HUDManager.m; sourceTree = "<group>"; };
		0926F074213298B20083CFDD /* YUUBorderButton.h */ = {isa = PBXFileReference; lastKnownFileType = sourcecode.c.h; path = YUUBorderButton.h; sourceTree = "<group>"; };
		0926F075213298B20083CFDD /* YUUBorderButton.m */ = {isa = PBXFileReference; lastKnownFileType = sourcecode.c.objc; path = YUUBorderButton.m; sourceTree = "<group>"; };
		0926F0772132993C0083CFDD /* HUDView.h */ = {isa = PBXFileReference; lastKnownFileType = sourcecode.c.h; path = HUDView.h; sourceTree = "<group>"; };
		0926F0782132993C0083CFDD /* HUDView.m */ = {isa = PBXFileReference; lastKnownFileType = sourcecode.c.objc; path = HUDView.m; sourceTree = "<group>"; };
		095181CA212CE03D0083C009 /* SHSegmentView.h */ = {isa = PBXFileReference; lastKnownFileType = sourcecode.c.h; path = SHSegmentView.h; sourceTree = "<group>"; };
		095181CB212CE03D0083C009 /* SHSegmentView.m */ = {isa = PBXFileReference; lastKnownFileType = sourcecode.c.objc; path = SHSegmentView.m; sourceTree = "<group>"; };
		095181CD212CE0E40083C009 /* Header.h */ = {isa = PBXFileReference; lastKnownFileType = sourcecode.c.h; path = Header.h; sourceTree = "<group>"; };
		095181CE212CECEF0083C009 /* YUUUserModel.h */ = {isa = PBXFileReference; lastKnownFileType = sourcecode.c.h; path = YUUUserModel.h; sourceTree = "<group>"; };
		095181CF212CECEF0083C009 /* YUUUserModel.m */ = {isa = PBXFileReference; lastKnownFileType = sourcecode.c.objc; path = YUUUserModel.m; sourceTree = "<group>"; };
		0951820A212D84C30083C009 /* UIViewController+Help.m */ = {isa = PBXFileReference; fileEncoding = 4; lastKnownFileType = sourcecode.c.objc; path = "UIViewController+Help.m"; sourceTree = "<group>"; };
		0951820B212D84C30083C009 /* UIViewController+Help.h */ = {isa = PBXFileReference; fileEncoding = 4; lastKnownFileType = sourcecode.c.h; path = "UIViewController+Help.h"; sourceTree = "<group>"; };
		0958B99C212C011F00B105CE /* YUUMineMachineCell.h */ = {isa = PBXFileReference; lastKnownFileType = sourcecode.c.h; path = YUUMineMachineCell.h; sourceTree = "<group>"; };
		0958B99D212C011F00B105CE /* YUUMineMachineCell.m */ = {isa = PBXFileReference; lastKnownFileType = sourcecode.c.objc; path = YUUMineMachineCell.m; sourceTree = "<group>"; };
		0958B99F212C024A00B105CE /* YUUBaseModel.h */ = {isa = PBXFileReference; lastKnownFileType = sourcecode.c.h; path = YUUBaseModel.h; sourceTree = "<group>"; };
		0958B9A0212C024A00B105CE /* YUUBaseModel.m */ = {isa = PBXFileReference; lastKnownFileType = sourcecode.c.objc; path = YUUBaseModel.m; sourceTree = "<group>"; };
		0958B9A2212C031D00B105CE /* YUUMachineModel.m */ = {isa = PBXFileReference; fileEncoding = 4; lastKnownFileType = sourcecode.c.objc; path = YUUMachineModel.m; sourceTree = "<group>"; };
		0958B9A3212C031E00B105CE /* YUUMachineModel.h */ = {isa = PBXFileReference; fileEncoding = 4; lastKnownFileType = sourcecode.c.h; path = YUUMachineModel.h; sourceTree = "<group>"; };
		095F4A60212A774C00098859 /* UIColor+Help.m */ = {isa = PBXFileReference; fileEncoding = 4; lastKnownFileType = sourcecode.c.objc; path = "UIColor+Help.m"; sourceTree = "<group>"; };
		095F4A61212A774C00098859 /* UIColor+Help.h */ = {isa = PBXFileReference; fileEncoding = 4; lastKnownFileType = sourcecode.c.h; path = "UIColor+Help.h"; sourceTree = "<group>"; };
		095F4A64212A96A200098859 /* YUUBaseViewController.h */ = {isa = PBXFileReference; lastKnownFileType = sourcecode.c.h; path = YUUBaseViewController.h; sourceTree = "<group>"; };
		095F4A65212A96A200098859 /* YUUBaseViewController.m */ = {isa = PBXFileReference; lastKnownFileType = sourcecode.c.objc; path = YUUBaseViewController.m; sourceTree = "<group>"; };
		095F4A67212AC0C000098859 /* UINavigationController+help.h */ = {isa = PBXFileReference; lastKnownFileType = sourcecode.c.h; path = "UINavigationController+help.h"; sourceTree = "<group>"; };
		095F4A68212AC0C000098859 /* UINavigationController+help.m */ = {isa = PBXFileReference; lastKnownFileType = sourcecode.c.objc; path = "UINavigationController+help.m"; sourceTree = "<group>"; };
		09612988212E298200D9D02C /* YUUMineMarket.storyboard */ = {isa = PBXFileReference; lastKnownFileType = file.storyboard; path = YUUMineMarket.storyboard; sourceTree = "<group>"; };
		09612990212E40F700D9D02C /* YUUButton.h */ = {isa = PBXFileReference; lastKnownFileType = sourcecode.c.h; path = YUUButton.h; sourceTree = "<group>"; };
		09612991212E40F700D9D02C /* YUUButton.m */ = {isa = PBXFileReference; lastKnownFileType = sourcecode.c.objc; path = YUUButton.m; sourceTree = "<group>"; };
		09612993212E510A00D9D02C /* YUUPendingOrderVC.h */ = {isa = PBXFileReference; lastKnownFileType = sourcecode.c.h; path = YUUPendingOrderVC.h; sourceTree = "<group>"; };
		09612994212E510A00D9D02C /* YUUPendingOrderVC.m */ = {isa = PBXFileReference; lastKnownFileType = sourcecode.c.objc; path = YUUPendingOrderVC.m; sourceTree = "<group>"; };
		1877D49D213109D300D5FDAE /* YUUModifyPassword.h */ = {isa = PBXFileReference; lastKnownFileType = sourcecode.c.h; path = YUUModifyPassword.h; sourceTree = "<group>"; };
		1877D49E213109D300D5FDAE /* YUUModifyPassword.m */ = {isa = PBXFileReference; lastKnownFileType = sourcecode.c.objc; path = YUUModifyPassword.m; sourceTree = "<group>"; };
		1877D4A0213145B500D5FDAE /* YUUCurrencyTransactionCtrl.h */ = {isa = PBXFileReference; lastKnownFileType = sourcecode.c.h; path = YUUCurrencyTransactionCtrl.h; sourceTree = "<group>"; };
		1877D4A1213145B500D5FDAE /* YUUCurrencyTransactionCtrl.m */ = {isa = PBXFileReference; lastKnownFileType = sourcecode.c.objc; path = YUUCurrencyTransactionCtrl.m; sourceTree = "<group>"; };
		1877D4A321314C1C00D5FDAE /* YUUTransactionHisCtrl.h */ = {isa = PBXFileReference; lastKnownFileType = sourcecode.c.h; path = YUUTransactionHisCtrl.h; sourceTree = "<group>"; };
		1877D4A421314C1C00D5FDAE /* YUUTransactionHisCtrl.m */ = {isa = PBXFileReference; lastKnownFileType = sourcecode.c.objc; path = YUUTransactionHisCtrl.m; sourceTree = "<group>"; };
		1877D4A62131543900D5FDAE /* YUUBillCenterCtrl.h */ = {isa = PBXFileReference; lastKnownFileType = sourcecode.c.h; path = YUUBillCenterCtrl.h; sourceTree = "<group>"; };
		1877D4A72131543900D5FDAE /* YUUBillCenterCtrl.m */ = {isa = PBXFileReference; lastKnownFileType = sourcecode.c.objc; path = YUUBillCenterCtrl.m; sourceTree = "<group>"; };
		1877D4AF213644BC00D5FDAE /* YUURegisterRequest.h */ = {isa = PBXFileReference; lastKnownFileType = sourcecode.c.h; path = YUURegisterRequest.h; sourceTree = "<group>"; };
		1877D4B0213644BC00D5FDAE /* YUURegisterRequest.m */ = {isa = PBXFileReference; lastKnownFileType = sourcecode.c.objc; path = YUURegisterRequest.m; sourceTree = "<group>"; };
		1877D4D721367FB800D5FDAE /* AdSupport.framework */ = {isa = PBXFileReference; lastKnownFileType = wrapper.framework; name = AdSupport.framework; path = System/Library/Frameworks/AdSupport.framework; sourceTree = SDKROOT; };
		1877D4D9213685FC00D5FDAE /* CoreTelephony.framework */ = {isa = PBXFileReference; lastKnownFileType = wrapper.framework; name = CoreTelephony.framework; path = System/Library/Frameworks/CoreTelephony.framework; sourceTree = SDKROOT; };
		18784C662126A58B00874434 /* YUUDebugMacros.h */ = {isa = PBXFileReference; lastKnownFileType = sourcecode.c.h; path = YUUDebugMacros.h; sourceTree = "<group>"; };
		189CC54E212A95A700E8E2E4 /* YUUForgetCtrl.h */ = {isa = PBXFileReference; lastKnownFileType = sourcecode.c.h; path = YUUForgetCtrl.h; sourceTree = "<group>"; };
		189CC54F212A95A700E8E2E4 /* YUUForgetCtrl.m */ = {isa = PBXFileReference; lastKnownFileType = sourcecode.c.objc; path = YUUForgetCtrl.m; sourceTree = "<group>"; };
		189CC551212A964800E8E2E4 /* YUUSignUpCtrl.h */ = {isa = PBXFileReference; lastKnownFileType = sourcecode.c.h; path = YUUSignUpCtrl.h; sourceTree = "<group>"; };
		189CC552212A964800E8E2E4 /* YUUSignUpCtrl.m */ = {isa = PBXFileReference; lastKnownFileType = sourcecode.c.objc; path = YUUSignUpCtrl.m; sourceTree = "<group>"; };
		189CC559212D61DD00E8E2E4 /* YUUProfileCtrl.h */ = {isa = PBXFileReference; lastKnownFileType = sourcecode.c.h; path = YUUProfileCtrl.h; sourceTree = "<group>"; };
		189CC55A212D61DD00E8E2E4 /* YUUProfileCtrl.m */ = {isa = PBXFileReference; lastKnownFileType = sourcecode.c.objc; path = YUUProfileCtrl.m; sourceTree = "<group>"; };
		189CC55C212E97B000E8E2E4 /* YUUMineDetailCtrl.h */ = {isa = PBXFileReference; lastKnownFileType = sourcecode.c.h; path = YUUMineDetailCtrl.h; sourceTree = "<group>"; };
		189CC55D212E97B000E8E2E4 /* YUUMineDetailCtrl.m */ = {isa = PBXFileReference; lastKnownFileType = sourcecode.c.objc; path = YUUMineDetailCtrl.m; sourceTree = "<group>"; };
		189CC55F212EAAA800E8E2E4 /* YUUProfileAuthenCtrl.h */ = {isa = PBXFileReference; lastKnownFileType = sourcecode.c.h; path = YUUProfileAuthenCtrl.h; sourceTree = "<group>"; };
		189CC560212EAAA800E8E2E4 /* YUUProfileAuthenCtrl.m */ = {isa = PBXFileReference; lastKnownFileType = sourcecode.c.objc; path = YUUProfileAuthenCtrl.m; sourceTree = "<group>"; };
		189CC562212EB9A500E8E2E4 /* YUUCreditCard.h */ = {isa = PBXFileReference; lastKnownFileType = sourcecode.c.h; path = YUUCreditCard.h; sourceTree = "<group>"; };
		189CC563212EB9A500E8E2E4 /* YUUCreditCard.m */ = {isa = PBXFileReference; lastKnownFileType = sourcecode.c.objc; path = YUUCreditCard.m; sourceTree = "<group>"; };
		189CC565212EC4FE00E8E2E4 /* YUUViturlWallet.h */ = {isa = PBXFileReference; lastKnownFileType = sourcecode.c.h; path = YUUViturlWallet.h; sourceTree = "<group>"; };
		189CC566212EC4FE00E8E2E4 /* YUUViturlWallet.m */ = {isa = PBXFileReference; lastKnownFileType = sourcecode.c.objc; path = YUUViturlWallet.m; sourceTree = "<group>"; };
		189CC568212FE52000E8E2E4 /* YUUProfileAuthenEditeCtrl.h */ = {isa = PBXFileReference; lastKnownFileType = sourcecode.c.h; path = YUUProfileAuthenEditeCtrl.h; sourceTree = "<group>"; };
		189CC569212FE52000E8E2E4 /* YUUProfileAuthenEditeCtrl.m */ = {isa = PBXFileReference; lastKnownFileType = sourcecode.c.objc; path = YUUProfileAuthenEditeCtrl.m; sourceTree = "<group>"; };
		189CC56B212FE93800E8E2E4 /* YUUMessageCtrl.h */ = {isa = PBXFileReference; lastKnownFileType = sourcecode.c.h; path = YUUMessageCtrl.h; sourceTree = "<group>"; };
		189CC56C212FE93800E8E2E4 /* YUUMessageCtrl.m */ = {isa = PBXFileReference; lastKnownFileType = sourcecode.c.objc; path = YUUMessageCtrl.m; sourceTree = "<group>"; };
		189CC56E212FF72400E8E2E4 /* YUUMessageDetailCtrl.h */ = {isa = PBXFileReference; lastKnownFileType = sourcecode.c.h; path = YUUMessageDetailCtrl.h; sourceTree = "<group>"; };
		189CC56F212FF72400E8E2E4 /* YUUMessageDetailCtrl.m */ = {isa = PBXFileReference; lastKnownFileType = sourcecode.c.objc; path = YUUMessageDetailCtrl.m; sourceTree = "<group>"; };
		189CC5712130FC4C00E8E2E4 /* YUUSetingCtrl.h */ = {isa = PBXFileReference; lastKnownFileType = sourcecode.c.h; path = YUUSetingCtrl.h; sourceTree = "<group>"; };
		189CC5722130FC4C00E8E2E4 /* YUUSetingCtrl.m */ = {isa = PBXFileReference; lastKnownFileType = sourcecode.c.objc; path = YUUSetingCtrl.m; sourceTree = "<group>"; };
		18D3530721368F4000990F7C /* LICENSE */ = {isa = PBXFileReference; fileEncoding = 4; lastKnownFileType = text; path = LICENSE; sourceTree = "<group>"; };
		18D3530821368F4000990F7C /* HMWADSimulateIDFA.m */ = {isa = PBXFileReference; fileEncoding = 4; lastKnownFileType = sourcecode.c.objc; path = HMWADSimulateIDFA.m; sourceTree = "<group>"; };
		18D3530921368F4000990F7C /* readme.md */ = {isa = PBXFileReference; fileEncoding = 4; lastKnownFileType = net.daringfireball.markdown; path = readme.md; sourceTree = "<group>"; };
		18D3530A21368F4000990F7C /* HMWADSimulateIDFA.h */ = {isa = PBXFileReference; fileEncoding = 4; lastKnownFileType = sourcecode.c.h; path = HMWADSimulateIDFA.h; sourceTree = "<group>"; };
		18D3530F2136A16800990F7C /* YUUEncryMgr.h */ = {isa = PBXFileReference; lastKnownFileType = sourcecode.c.h; path = YUUEncryMgr.h; sourceTree = "<group>"; };
		18D353102136A16800990F7C /* YUUEncryMgr.m */ = {isa = PBXFileReference; lastKnownFileType = sourcecode.c.objc; path = YUUEncryMgr.m; sourceTree = "<group>"; };
		18D353122136A5DC00990F7C /* YUULoginRequest.h */ = {isa = PBXFileReference; lastKnownFileType = sourcecode.c.h; path = YUULoginRequest.h; sourceTree = "<group>"; };
		18D353132136A5DC00990F7C /* YUULoginRequest.m */ = {isa = PBXFileReference; lastKnownFileType = sourcecode.c.objc; path = YUULoginRequest.m; sourceTree = "<group>"; };
		18D353152136B00D00990F7C /* YUUForgetRequest.h */ = {isa = PBXFileReference; lastKnownFileType = sourcecode.c.h; path = YUUForgetRequest.h; sourceTree = "<group>"; };
		18D353162136B00D00990F7C /* YUUForgetRequest.m */ = {isa = PBXFileReference; lastKnownFileType = sourcecode.c.objc; path = YUUForgetRequest.m; sourceTree = "<group>"; };
		18D3531E2136F25300990F7C /* YUULauchAppRequest.h */ = {isa = PBXFileReference; lastKnownFileType = sourcecode.c.h; path = YUULauchAppRequest.h; sourceTree = "<group>"; };
		18D3531F2136F25300990F7C /* YUULauchAppRequest.m */ = {isa = PBXFileReference; lastKnownFileType = sourcecode.c.objc; path = YUULauchAppRequest.m; sourceTree = "<group>"; };
		18D353212136F30800990F7C /* YUUCertificationRequest.h */ = {isa = PBXFileReference; lastKnownFileType = sourcecode.c.h; path = YUUCertificationRequest.h; sourceTree = "<group>"; };
		18D353222136F30800990F7C /* YUUCertificationRequest.m */ = {isa = PBXFileReference; lastKnownFileType = sourcecode.c.objc; path = YUUCertificationRequest.m; sourceTree = "<group>"; };
		18D3532421379D9000990F7C /* YUUCommonModel.h */ = {isa = PBXFileReference; lastKnownFileType = sourcecode.c.h; path = YUUCommonModel.h; sourceTree = "<group>"; };
		18D3532521379D9000990F7C /* YUUCommonModel.m */ = {isa = PBXFileReference; lastKnownFileType = sourcecode.c.objc; path = YUUCommonModel.m; sourceTree = "<group>"; };
		18D353272137A2F900990F7C /* YUUProfileMessageListRequest.h */ = {isa = PBXFileReference; lastKnownFileType = sourcecode.c.h; path = YUUProfileMessageListRequest.h; sourceTree = "<group>"; };
		18D353282137A2F900990F7C /* YUUProfileMessageListRequest.m */ = {isa = PBXFileReference; lastKnownFileType = sourcecode.c.objc; path = YUUProfileMessageListRequest.m; sourceTree = "<group>"; };
		18D3532A2137C46F00990F7C /* YUUMsgModel.h */ = {isa = PBXFileReference; lastKnownFileType = sourcecode.c.h; path = YUUMsgModel.h; sourceTree = "<group>"; };
		18D3532B2137C46F00990F7C /* YUUMsgModel.m */ = {isa = PBXFileReference; lastKnownFileType = sourcecode.c.objc; path = YUUMsgModel.m; sourceTree = "<group>"; };
		18D3532D2137D02700990F7C /* YUUModifyLoginRequest.h */ = {isa = PBXFileReference; lastKnownFileType = sourcecode.c.h; path = YUUModifyLoginRequest.h; sourceTree = "<group>"; };
		18D3532E2137D02700990F7C /* YUUModifyLoginRequest.m */ = {isa = PBXFileReference; lastKnownFileType = sourcecode.c.objc; path = YUUModifyLoginRequest.m; sourceTree = "<group>"; };
		18D353302137D1F400990F7C /* YUUModifyTransactionRequest.h */ = {isa = PBXFileReference; lastKnownFileType = sourcecode.c.h; path = YUUModifyTransactionRequest.h; sourceTree = "<group>"; };
		18D353312137D1F400990F7C /* YUUModifyTransactionRequest.m */ = {isa = PBXFileReference; lastKnownFileType = sourcecode.c.objc; path = YUUModifyTransactionRequest.m; sourceTree = "<group>"; };
		18D353332137D36E00990F7C /* YUUForgetTransactionRequest.h */ = {isa = PBXFileReference; lastKnownFileType = sourcecode.c.h; path = YUUForgetTransactionRequest.h; sourceTree = "<group>"; };
		18D353342137D36E00990F7C /* YUUForgetTransactionRequest.m */ = {isa = PBXFileReference; lastKnownFileType = sourcecode.c.objc; path = YUUForgetTransactionRequest.m; sourceTree = "<group>"; };
		18D353362137D4DE00990F7C /* YUUMineDetailRequest.h */ = {isa = PBXFileReference; lastKnownFileType = sourcecode.c.h; path = YUUMineDetailRequest.h; sourceTree = "<group>"; };
		18D353372137D4DE00990F7C /* YUUMineDetailRequest.m */ = {isa = PBXFileReference; lastKnownFileType = sourcecode.c.objc; path = YUUMineDetailRequest.m; sourceTree = "<group>"; };
		18D353392137D5C800990F7C /* YUUMineDetailModel.h */ = {isa = PBXFileReference; lastKnownFileType = sourcecode.c.h; path = YUUMineDetailModel.h; sourceTree = "<group>"; };
		18D3533A2137D5C800990F7C /* YUUMineDetailModel.m */ = {isa = PBXFileReference; lastKnownFileType = sourcecode.c.objc; path = YUUMineDetailModel.m; sourceTree = "<group>"; };
		18D3533F2137D8BB00990F7C /* YUUUserSendwxRequest.h */ = {isa = PBXFileReference; lastKnownFileType = sourcecode.c.h; path = YUUUserSendwxRequest.h; sourceTree = "<group>"; };
		18D353402137D8BB00990F7C /* YUUUserSendwxRequest.m */ = {isa = PBXFileReference; lastKnownFileType = sourcecode.c.objc; path = YUUUserSendwxRequest.m; sourceTree = "<group>"; };
		18D353422137DA3900990F7C /* YUUUserSendAlipayRequest.h */ = {isa = PBXFileReference; lastKnownFileType = sourcecode.c.h; path = YUUUserSendAlipayRequest.h; sourceTree = "<group>"; };
		18D353432137DA3900990F7C /* YUUUserSendAlipayRequest.m */ = {isa = PBXFileReference; lastKnownFileType = sourcecode.c.objc; path = YUUUserSendAlipayRequest.m; sourceTree = "<group>"; };
		18D353452137DB3E00990F7C /* YUUUserSendWalletRequest.h */ = {isa = PBXFileReference; lastKnownFileType = sourcecode.c.h; path = YUUUserSendWalletRequest.h; sourceTree = "<group>"; };
		18D353462137DB3E00990F7C /* YUUUserSendWalletRequest.m */ = {isa = PBXFileReference; lastKnownFileType = sourcecode.c.objc; path = YUUUserSendWalletRequest.m; sourceTree = "<group>"; };
		18D353482137DC1000990F7C /* YUUBillCenterRequest.h */ = {isa = PBXFileReference; lastKnownFileType = sourcecode.c.h; path = YUUBillCenterRequest.h; sourceTree = "<group>"; };
		18D353492137DC1000990F7C /* YUUBillCenterRequest.m */ = {isa = PBXFileReference; lastKnownFileType = sourcecode.c.objc; path = YUUBillCenterRequest.m; sourceTree = "<group>"; };
		18D3534B2137DCCE00990F7C /* YUUBillModel.h */ = {isa = PBXFileReference; lastKnownFileType = sourcecode.c.h; path = YUUBillModel.h; sourceTree = "<group>"; };
		18D3534C2137DCCE00990F7C /* YUUBillModel.m */ = {isa = PBXFileReference; lastKnownFileType = sourcecode.c.objc; path = YUUBillModel.m; sourceTree = "<group>"; };
		18D3534E2137E03800990F7C /* YUUCurrencySellRequest.h */ = {isa = PBXFileReference; lastKnownFileType = sourcecode.c.h; path = YUUCurrencySellRequest.h; sourceTree = "<group>"; };
		18D3534F2137E03800990F7C /* YUUCurrencySellRequest.m */ = {isa = PBXFileReference; lastKnownFileType = sourcecode.c.objc; path = YUUCurrencySellRequest.m; sourceTree = "<group>"; };
		18D353512137E12D00990F7C /* YUUCurrencyHistoryRequest.h */ = {isa = PBXFileReference; lastKnownFileType = sourcecode.c.h; path = YUUCurrencyHistoryRequest.h; sourceTree = "<group>"; };
		18D353522137E12D00990F7C /* YUUCurrencyHistoryRequest.m */ = {isa = PBXFileReference; lastKnownFileType = sourcecode.c.objc; path = YUUCurrencyHistoryRequest.m; sourceTree = "<group>"; };
		18D353542137E1D500990F7C /* YUUCurrencyHistoryModel.h */ = {isa = PBXFileReference; lastKnownFileType = sourcecode.c.h; path = YUUCurrencyHistoryModel.h; sourceTree = "<group>"; };
		18D353552137E1D500990F7C /* YUUCurrencyHistoryModel.m */ = {isa = PBXFileReference; lastKnownFileType = sourcecode.c.objc; path = YUUCurrencyHistoryModel.m; sourceTree = "<group>"; };
		18D353572137E3D700990F7C /* YUUCallCenterRequest.h */ = {isa = PBXFileReference; lastKnownFileType = sourcecode.c.h; path = YUUCallCenterRequest.h; sourceTree = "<group>"; };
		18D353582137E3D700990F7C /* YUUCallCenterRequest.m */ = {isa = PBXFileReference; lastKnownFileType = sourcecode.c.objc; path = YUUCallCenterRequest.m; sourceTree = "<group>"; };
		18D3535A2137E4AF00990F7C /* YUUMilltraderRequest.h */ = {isa = PBXFileReference; lastKnownFileType = sourcecode.c.h; path = YUUMilltraderRequest.h; sourceTree = "<group>"; };
		18D3535B2137E4AF00990F7C /* YUUMilltraderRequest.m */ = {isa = PBXFileReference; lastKnownFileType = sourcecode.c.objc; path = YUUMilltraderRequest.m; sourceTree = "<group>"; };
		18D3535D2137E52900990F7C /* YUUMilltraderModel.h */ = {isa = PBXFileReference; lastKnownFileType = sourcecode.c.h; path = YUUMilltraderModel.h; sourceTree = "<group>"; };
		18D3535E2137E52900990F7C /* YUUMilltraderModel.m */ = {isa = PBXFileReference; lastKnownFileType = sourcecode.c.objc; path = YUUMilltraderModel.m; sourceTree = "<group>"; };
		18D353662137EDFF00990F7C /* YUUBuyMachineRequest.h */ = {isa = PBXFileReference; lastKnownFileType = sourcecode.c.h; path = YUUBuyMachineRequest.h; sourceTree = "<group>"; };
		18D353672137EDFF00990F7C /* YUUBuyMachineRequest.m */ = {isa = PBXFileReference; lastKnownFileType = sourcecode.c.objc; path = YUUBuyMachineRequest.m; sourceTree = "<group>"; };
		18D353692137EE7E00990F7C /* YUUMachineListRequest.h */ = {isa = PBXFileReference; lastKnownFileType = sourcecode.c.h; path = YUUMachineListRequest.h; sourceTree = "<group>"; };
		18D3536A2137EE7E00990F7C /* YUUMachineListRequest.m */ = {isa = PBXFileReference; lastKnownFileType = sourcecode.c.objc; path = YUUMachineListRequest.m; sourceTree = "<group>"; };
		18D3536C2137EF1000990F7C /* YUUMachineArrModel.h */ = {isa = PBXFileReference; lastKnownFileType = sourcecode.c.h; path = YUUMachineArrModel.h; sourceTree = "<group>"; };
		18D3536D2137EF1000990F7C /* YUUMachineArrModel.m */ = {isa = PBXFileReference; lastKnownFileType = sourcecode.c.objc; path = YUUMachineArrModel.m; sourceTree = "<group>"; };
		18D3536F2137F53500990F7C /* YUUMachinepoolRequst.h */ = {isa = PBXFileReference; lastKnownFileType = sourcecode.c.h; path = YUUMachinepoolRequst.h; sourceTree = "<group>"; };
		18D353702137F53500990F7C /* YUUMachinepoolRequst.m */ = {isa = PBXFileReference; lastKnownFileType = sourcecode.c.objc; path = YUUMachinepoolRequst.m; sourceTree = "<group>"; };
		18D353722137F60700990F7C /* YUUMachinePoolArrModel.h */ = {isa = PBXFileReference; lastKnownFileType = sourcecode.c.h; path = YUUMachinePoolArrModel.h; sourceTree = "<group>"; };
		18D353732137F60700990F7C /* YUUMachinePoolArrModel.m */ = {isa = PBXFileReference; lastKnownFileType = sourcecode.c.objc; path = YUUMachinePoolArrModel.m; sourceTree = "<group>"; };
		18EDE40721257A3700FC8E0C /* YUU.app */ = {isa = PBXFileReference; explicitFileType = wrapper.application; includeInIndex = 0; path = YUU.app; sourceTree = BUILT_PRODUCTS_DIR; };
		18EDE40A21257A3700FC8E0C /* AppDelegate.h */ = {isa = PBXFileReference; lastKnownFileType = sourcecode.c.h; path = AppDelegate.h; sourceTree = "<group>"; };
		18EDE40B21257A3700FC8E0C /* AppDelegate.m */ = {isa = PBXFileReference; lastKnownFileType = sourcecode.c.objc; path = AppDelegate.m; sourceTree = "<group>"; };
		18EDE40D21257A3700FC8E0C /* ViewController.h */ = {isa = PBXFileReference; lastKnownFileType = sourcecode.c.h; path = ViewController.h; sourceTree = "<group>"; };
		18EDE40E21257A3700FC8E0C /* ViewController.m */ = {isa = PBXFileReference; lastKnownFileType = sourcecode.c.objc; path = ViewController.m; sourceTree = "<group>"; };
		18EDE41121257A3700FC8E0C /* Base */ = {isa = PBXFileReference; lastKnownFileType = file.storyboard; name = Base; path = Base.lproj/Main.storyboard; sourceTree = "<group>"; };
		18EDE41321257A3A00FC8E0C /* Assets.xcassets */ = {isa = PBXFileReference; lastKnownFileType = folder.assetcatalog; path = Assets.xcassets; sourceTree = "<group>"; };
		18EDE41621257A3A00FC8E0C /* Base */ = {isa = PBXFileReference; lastKnownFileType = file.storyboard; name = Base; path = Base.lproj/LaunchScreen.storyboard; sourceTree = "<group>"; };
		18EDE41821257A3A00FC8E0C /* Info.plist */ = {isa = PBXFileReference; lastKnownFileType = text.plist.xml; path = Info.plist; sourceTree = "<group>"; };
		18EDE41921257A3A00FC8E0C /* main.m */ = {isa = PBXFileReference; lastKnownFileType = sourcecode.c.objc; path = main.m; sourceTree = "<group>"; };
		18F85CD52126B295001A3205 /* HLCLog.m */ = {isa = PBXFileReference; fileEncoding = 4; lastKnownFileType = sourcecode.c.objc; path = HLCLog.m; sourceTree = "<group>"; };
		18F85CD62126B295001A3205 /* HLCLog.h */ = {isa = PBXFileReference; fileEncoding = 4; lastKnownFileType = sourcecode.c.h; path = HLCLog.h; sourceTree = "<group>"; };
		18F85CD92126B3A2001A3205 /* ZHAFNetworkReachabilityManager.h */ = {isa = PBXFileReference; fileEncoding = 4; lastKnownFileType = sourcecode.c.h; path = ZHAFNetworkReachabilityManager.h; sourceTree = "<group>"; };
		18F85CDA2126B3A2001A3205 /* ZHAFNetworkReachabilityManager.m */ = {isa = PBXFileReference; fileEncoding = 4; lastKnownFileType = sourcecode.c.objc; path = ZHAFNetworkReachabilityManager.m; sourceTree = "<group>"; };
		18F85CDC2126B3A2001A3205 /* ZHAFSecurityPolicy.m */ = {isa = PBXFileReference; fileEncoding = 4; lastKnownFileType = sourcecode.c.objc; path = ZHAFSecurityPolicy.m; sourceTree = "<group>"; };
		18F85CDD2126B3A2001A3205 /* ZHAFURLResponseSerialization.h */ = {isa = PBXFileReference; fileEncoding = 4; lastKnownFileType = sourcecode.c.h; path = ZHAFURLResponseSerialization.h; sourceTree = "<group>"; };
		18F85CDE2126B3A2001A3205 /* ZHAFURLSessionManager.h */ = {isa = PBXFileReference; fileEncoding = 4; lastKnownFileType = sourcecode.c.h; path = ZHAFURLSessionManager.h; sourceTree = "<group>"; };
		18F85CDF2126B3A2001A3205 /* ZHAFHTTPSessionManager.m */ = {isa = PBXFileReference; fileEncoding = 4; lastKnownFileType = sourcecode.c.objc; path = ZHAFHTTPSessionManager.m; sourceTree = "<group>"; };
		18F85CE02126B3A2001A3205 /* ZHAFURLRequestSerialization.h */ = {isa = PBXFileReference; fileEncoding = 4; lastKnownFileType = sourcecode.c.h; path = ZHAFURLRequestSerialization.h; sourceTree = "<group>"; };
		18F85CE12126B3A2001A3205 /* AFNetworking.h */ = {isa = PBXFileReference; fileEncoding = 4; lastKnownFileType = sourcecode.c.h; path = AFNetworking.h; sourceTree = "<group>"; };
		18F85CE22126B3A2001A3205 /* ZHAFURLResponseSerialization.m */ = {isa = PBXFileReference; fileEncoding = 4; lastKnownFileType = sourcecode.c.objc; path = ZHAFURLResponseSerialization.m; sourceTree = "<group>"; };
		18F85CE32126B3A2001A3205 /* ZHAFSecurityPolicy.h */ = {isa = PBXFileReference; fileEncoding = 4; lastKnownFileType = sourcecode.c.h; path = ZHAFSecurityPolicy.h; sourceTree = "<group>"; };
		18F85CE42126B3A2001A3205 /* ZHAFURLSessionManager.m */ = {isa = PBXFileReference; fileEncoding = 4; lastKnownFileType = sourcecode.c.objc; path = ZHAFURLSessionManager.m; sourceTree = "<group>"; };
		18F85CE52126B3A2001A3205 /* ZHAFHTTPSessionManager.h */ = {isa = PBXFileReference; fileEncoding = 4; lastKnownFileType = sourcecode.c.h; path = ZHAFHTTPSessionManager.h; sourceTree = "<group>"; };
		18F85CE62126B3A2001A3205 /* ZHAFURLRequestSerialization.m */ = {isa = PBXFileReference; fileEncoding = 4; lastKnownFileType = sourcecode.c.objc; path = ZHAFURLRequestSerialization.m; sourceTree = "<group>"; };
		18F85D082126B972001A3205 /* YUUConfig.h */ = {isa = PBXFileReference; lastKnownFileType = sourcecode.c.h; path = YUUConfig.h; sourceTree = "<group>"; };
		18F85D092126B9D7001A3205 /* UIDevice+YUUDe.h */ = {isa = PBXFileReference; lastKnownFileType = sourcecode.c.h; path = "UIDevice+YUUDe.h"; sourceTree = "<group>"; };
		18F85D0A2126B9D7001A3205 /* UIDevice+YUUDe.m */ = {isa = PBXFileReference; lastKnownFileType = sourcecode.c.objc; path = "UIDevice+YUUDe.m"; sourceTree = "<group>"; };
		18F85D0C2126BA93001A3205 /* HLCNetworkReachability.h */ = {isa = PBXFileReference; fileEncoding = 4; lastKnownFileType = sourcecode.c.h; path = HLCNetworkReachability.h; sourceTree = "<group>"; };
		18F85D0D2126BA93001A3205 /* HLCNetworkReachability.m */ = {isa = PBXFileReference; fileEncoding = 4; lastKnownFileType = sourcecode.c.objc; path = HLCNetworkReachability.m; sourceTree = "<group>"; };
		18F85D0F2126BCA8001A3205 /* YUUPre.pch */ = {isa = PBXFileReference; lastKnownFileType = sourcecode.c.h; path = YUUPre.pch; sourceTree = "<group>"; };
		18F85D1C2129048F001A3205 /* YUUResponse.h */ = {isa = PBXFileReference; fileEncoding = 4; lastKnownFileType = sourcecode.c.h; path = YUUResponse.h; sourceTree = "<group>"; };
		18F85D1D2129048F001A3205 /* YUUBaseRequest.h */ = {isa = PBXFileReference; fileEncoding = 4; lastKnownFileType = sourcecode.c.h; path = YUUBaseRequest.h; sourceTree = "<group>"; };
		18F85D1E2129048F001A3205 /* YUUBaseRequest.m */ = {isa = PBXFileReference; fileEncoding = 4; lastKnownFileType = sourcecode.c.objc; path = YUUBaseRequest.m; sourceTree = "<group>"; };
		18F85D1F2129048F001A3205 /* YUUResponse.m */ = {isa = PBXFileReference; fileEncoding = 4; lastKnownFileType = sourcecode.c.objc; path = YUUResponse.m; sourceTree = "<group>"; };
		18F85D2221290981001A3205 /* YUUSuperCtrl.h */ = {isa = PBXFileReference; lastKnownFileType = sourcecode.c.h; path = YUUSuperCtrl.h; sourceTree = "<group>"; };
		18F85D2321290981001A3205 /* YUUSuperCtrl.m */ = {isa = PBXFileReference; lastKnownFileType = sourcecode.c.objc; path = YUUSuperCtrl.m; sourceTree = "<group>"; };
		18F85D2621290A58001A3205 /* YUULoginCtrl.h */ = {isa = PBXFileReference; lastKnownFileType = sourcecode.c.h; path = YUULoginCtrl.h; sourceTree = "<group>"; };
		18F85D2721290A58001A3205 /* YUULoginCtrl.m */ = {isa = PBXFileReference; lastKnownFileType = sourcecode.c.objc; path = YUULoginCtrl.m; sourceTree = "<group>"; };
		D337288ADA5FB1CCA7135CD7 /* Pods-YUU.debug.xcconfig */ = {isa = PBXFileReference; includeInIndex = 1; lastKnownFileType = text.xcconfig; name = "Pods-YUU.debug.xcconfig"; path = "Pods/Target Support Files/Pods-YUU/Pods-YUU.debug.xcconfig"; sourceTree = "<group>"; };
		DC5ACEB701D806D505D5CF79 /* libPods-YUU.a */ = {isa = PBXFileReference; explicitFileType = archive.ar; includeInIndex = 0; path = "libPods-YUU.a"; sourceTree = BUILT_PRODUCTS_DIR; };
		FD6A70E4E5C3398F992757CB /* Pods-YUU.release.xcconfig */ = {isa = PBXFileReference; includeInIndex = 1; lastKnownFileType = text.xcconfig; name = "Pods-YUU.release.xcconfig"; path = "Pods/Target Support Files/Pods-YUU/Pods-YUU.release.xcconfig"; sourceTree = "<group>"; };
/* End PBXFileReference section */

/* Begin PBXFrameworksBuildPhase section */
		18EDE40421257A3700FC8E0C /* Frameworks */ = {
			isa = PBXFrameworksBuildPhase;
			buildActionMask = 2147483647;
			files = (
				1877D4DA213685FC00D5FDAE /* CoreTelephony.framework in Frameworks */,
				1877D4D821367FB800D5FDAE /* AdSupport.framework in Frameworks */,
				FCF2E7AEAB778F8ABA8D959A /* libPods-YUU.a in Frameworks */,
			);
			runOnlyForDeploymentPostprocessing = 0;
		};
/* End PBXFrameworksBuildPhase section */

/* Begin PBXGroup section */
		091D8E3A2130D8C800C430AB /* YUUMineMarket */ = {
			isa = PBXGroup;
			children = (
				091D8E3B2130D8C800C430AB /* YUUMineMarketMailCell.h */,
				091D8E402130D8C800C430AB /* YUUMineMarketMailCell.m */,
				091D8E3E2130D8C800C430AB /* YUUMineMarketPointCell.h */,
				091D8E422130D8C800C430AB /* YUUMineMarketPointCell.m */,
				091D8E3F2130D8C800C430AB /* YUUMineMarketPriceCell.h */,
				091D8E3C2130D8C800C430AB /* YUUMineMarketPriceCell.m */,
				091D8E412130D8C800C430AB /* YUUMineMarketVC.h */,
				091D8E3D2130D8C800C430AB /* YUUMineMarketVC.m */,
			);
			path = YUUMineMarket;
			sourceTree = "<group>";
		};
		09207E0821270C6A00952C6D /* VC */ = {
			isa = PBXGroup;
			children = (
				189CC558212D610E00E8E2E4 /* profile */,
				095F4A63212A968C00098859 /* Base */,
				18F85D2521290A12001A3205 /* Login */,
				09207E2121270D1300952C6D /* TabBarController */,
				09207E0921270C6A00952C6D /* MachineMarket */,
				09207E1121270C6A00952C6D /* MineMachine */,
				09207E1321270C6A00952C6D /* MinePool */,
				09612987212E294400D9D02C /* MineMarket */,
				18F85D2221290981001A3205 /* YUUSuperCtrl.h */,
				18F85D2321290981001A3205 /* YUUSuperCtrl.m */,
			);
			path = VC;
			sourceTree = "<group>";
		};
		09207E0921270C6A00952C6D /* MachineMarket */ = {
			isa = PBXGroup;
			children = (
				09207E0D21270C6A00952C6D /* YUUMachineMarket.storyboard */,
				09207E1021270C6A00952C6D /* YUUMachineMarketCell.h */,
				09207E0C21270C6A00952C6D /* YUUMachineMarketCell.m */,
				09207E0E21270C6A00952C6D /* YUUMachineMarketVC.h */,
				09207E0A21270C6A00952C6D /* YUUMachineMarketVC.m */,
			);
			path = MachineMarket;
			sourceTree = "<group>";
		};
		09207E1121270C6A00952C6D /* MineMachine */ = {
			isa = PBXGroup;
			children = (
				09207E1221270C6A00952C6D /* YUUMineMachine.storyboard */,
				09225517212B9F31000BF25B /* YUUMineMachineVC.h */,
				09225518212B9F31000BF25B /* YUUMineMachineVC.m */,
				0958B99C212C011F00B105CE /* YUUMineMachineCell.h */,
				0958B99D212C011F00B105CE /* YUUMineMachineCell.m */,
			);
			path = MineMachine;
			sourceTree = "<group>";
		};
		09207E1321270C6A00952C6D /* MinePool */ = {
			isa = PBXGroup;
			children = (
				09207E1421270C6A00952C6D /* YUUMinePool.storyboard */,
				09207E1521270C6A00952C6D /* YUUMinePoolCell.h */,
				09207E1821270C6A00952C6D /* YUUMinePoolCell.m */,
				09207E1621270C6A00952C6D /* YUUMinePoolVC.h */,
				09207E1721270C6A00952C6D /* YUUMinePoolVC.m */,
			);
			path = MinePool;
			sourceTree = "<group>";
		};
		09207E2121270D1300952C6D /* TabBarController */ = {
			isa = PBXGroup;
			children = (
				091DBB08212A3E86005DC12C /* YUUTabBarController.h */,
				091DBB09212A3E86005DC12C /* YUUTabBarController.m */,
				091DBB0F212A3F31005DC12C /* YUUTabBar.storyboard */,
			);
			path = TabBarController;
			sourceTree = "<group>";
		};
		09207E222127103200952C6D /* Model */ = {
			isa = PBXGroup;
			children = (
				18D3532421379D9000990F7C /* YUUCommonModel.h */,
				18D3532521379D9000990F7C /* YUUCommonModel.m */,
				0958B99F212C024A00B105CE /* YUUBaseModel.h */,
				0958B9A0212C024A00B105CE /* YUUBaseModel.m */,
				0958B9A3212C031E00B105CE /* YUUMachineModel.h */,
				0958B9A2212C031D00B105CE /* YUUMachineModel.m */,
				095181CE212CECEF0083C009 /* YUUUserModel.h */,
				095181CF212CECEF0083C009 /* YUUUserModel.m */,
				091D8E372130D66D00C430AB /* YUUTransactionModel.h */,
				091D8E382130D66D00C430AB /* YUUTransactionModel.m */,
				18D3532A2137C46F00990F7C /* YUUMsgModel.h */,
				18D3532B2137C46F00990F7C /* YUUMsgModel.m */,
				18D353392137D5C800990F7C /* YUUMineDetailModel.h */,
				18D3533A2137D5C800990F7C /* YUUMineDetailModel.m */,
				18D3534B2137DCCE00990F7C /* YUUBillModel.h */,
				18D3534C2137DCCE00990F7C /* YUUBillModel.m */,
				18D353542137E1D500990F7C /* YUUCurrencyHistoryModel.h */,
				18D353552137E1D500990F7C /* YUUCurrencyHistoryModel.m */,
				18D3535D2137E52900990F7C /* YUUMilltraderModel.h */,
				18D3535E2137E52900990F7C /* YUUMilltraderModel.m */,
				18D3536C2137EF1000990F7C /* YUUMachineArrModel.h */,
				18D3536D2137EF1000990F7C /* YUUMachineArrModel.m */,
				18D353722137F60700990F7C /* YUUMachinePoolArrModel.h */,
				18D353732137F60700990F7C /* YUUMachinePoolArrModel.m */,
			);
			path = Model;
			sourceTree = "<group>";
		};
		0926F06D21328E200083CFDD /* HUD */ = {
			isa = PBXGroup;
			children = (
				0926F06E21328E200083CFDD /* HUD.h */,
				0926F06F21328E200083CFDD /* HUDManager.h */,
				0926F07021328E200083CFDD /* HUD.m */,
				0926F07121328E200083CFDD /* HUDManager.m */,
			);
			path = HUD;
			sourceTree = "<group>";
		};
		095181C9212CDFF30083C009 /* View */ = {
			isa = PBXGroup;
			children = (
				095181CA212CE03D0083C009 /* SHSegmentView.h */,
				095181CB212CE03D0083C009 /* SHSegmentView.m */,
				09612990212E40F700D9D02C /* YUUButton.h */,
				09612991212E40F700D9D02C /* YUUButton.m */,
				091D8E472130DF1800C430AB /* YUUSellerInfoView.h */,
				091D8E482130DF1800C430AB /* YUUSellerInfoView.m */,
				091D8E4A2130DF2C00C430AB /* YUUSellerInfoView.xib */,
				091983C92131A54A00E35196 /* YUUTeamInfoView.h */,
				091983CA2131A54A00E35196 /* YUUTeamInfoView.m */,
				091983CC2131A55600E35196 /* YUUTeamInfoView.xib */,
				091983CE2131A95A00E35196 /* YUUUserInfoView.h */,
				091983CF2131A95A00E35196 /* YUUUserInfoView.m */,
				091983D12131A96900E35196 /* YUUUserInfoView.xib */,
				0926F069213289050083CFDD /* YUUBorderTextField.h */,
				0926F06A213289050083CFDD /* YUUBorderTextField.m */,
				0926F074213298B20083CFDD /* YUUBorderButton.h */,
				0926F075213298B20083CFDD /* YUUBorderButton.m */,
				0926F0772132993C0083CFDD /* HUDView.h */,
				0926F0782132993C0083CFDD /* HUDView.m */,
				0926F06C21328B990083CFDD /* HUDProtocol.h */,
			);
			path = View;
			sourceTree = "<group>";
		};
		095F4A63212A968C00098859 /* Base */ = {
			isa = PBXGroup;
			children = (
				095F4A64212A96A200098859 /* YUUBaseViewController.h */,
				095F4A65212A96A200098859 /* YUUBaseViewController.m */,
				09225514212B9943000BF25B /* YUUBaseTableViewCell.h */,
				09225515212B9943000BF25B /* YUUBaseTableViewCell.m */,
				0922551A212B9F78000BF25B /* YUUBaseTableView.h */,
				0922551B212B9F78000BF25B /* YUUBaseTableView.m */,
			);
			path = Base;
			sourceTree = "<group>";
		};
		09612987212E294400D9D02C /* MineMarket */ = {
			isa = PBXGroup;
			children = (
				09612988212E298200D9D02C /* YUUMineMarket.storyboard */,
				091D8E3A2130D8C800C430AB /* YUUMineMarket */,
				09612993212E510A00D9D02C /* YUUPendingOrderVC.h */,
				09612994212E510A00D9D02C /* YUUPendingOrderVC.m */,
			);
			path = MineMarket;
			sourceTree = "<group>";
		};
		1877D4AE2136449300D5FDAE /* Request */ = {
			isa = PBXGroup;
			children = (
				1877D4AF213644BC00D5FDAE /* YUURegisterRequest.h */,
				1877D4B0213644BC00D5FDAE /* YUURegisterRequest.m */,
				18D353122136A5DC00990F7C /* YUULoginRequest.h */,
				18D353132136A5DC00990F7C /* YUULoginRequest.m */,
				18D353152136B00D00990F7C /* YUUForgetRequest.h */,
				18D353162136B00D00990F7C /* YUUForgetRequest.m */,
				18D3531E2136F25300990F7C /* YUULauchAppRequest.h */,
				18D3531F2136F25300990F7C /* YUULauchAppRequest.m */,
				18D353212136F30800990F7C /* YUUCertificationRequest.h */,
				18D353222136F30800990F7C /* YUUCertificationRequest.m */,
				18D353272137A2F900990F7C /* YUUProfileMessageListRequest.h */,
				18D353282137A2F900990F7C /* YUUProfileMessageListRequest.m */,
				18D3532D2137D02700990F7C /* YUUModifyLoginRequest.h */,
				18D3532E2137D02700990F7C /* YUUModifyLoginRequest.m */,
				18D353302137D1F400990F7C /* YUUModifyTransactionRequest.h */,
				18D353312137D1F400990F7C /* YUUModifyTransactionRequest.m */,
				18D353332137D36E00990F7C /* YUUForgetTransactionRequest.h */,
				18D353342137D36E00990F7C /* YUUForgetTransactionRequest.m */,
				18D353362137D4DE00990F7C /* YUUMineDetailRequest.h */,
				18D353372137D4DE00990F7C /* YUUMineDetailRequest.m */,
				18D3533F2137D8BB00990F7C /* YUUUserSendwxRequest.h */,
				18D353402137D8BB00990F7C /* YUUUserSendwxRequest.m */,
				18D353422137DA3900990F7C /* YUUUserSendAlipayRequest.h */,
				18D353432137DA3900990F7C /* YUUUserSendAlipayRequest.m */,
				18D353452137DB3E00990F7C /* YUUUserSendWalletRequest.h */,
				18D353462137DB3E00990F7C /* YUUUserSendWalletRequest.m */,
				18D353482137DC1000990F7C /* YUUBillCenterRequest.h */,
				18D353492137DC1000990F7C /* YUUBillCenterRequest.m */,
				18D3534E2137E03800990F7C /* YUUCurrencySellRequest.h */,
				18D3534F2137E03800990F7C /* YUUCurrencySellRequest.m */,
				18D353512137E12D00990F7C /* YUUCurrencyHistoryRequest.h */,
				18D353522137E12D00990F7C /* YUUCurrencyHistoryRequest.m */,
				18D353572137E3D700990F7C /* YUUCallCenterRequest.h */,
				18D353582137E3D700990F7C /* YUUCallCenterRequest.m */,
				18D3535A2137E4AF00990F7C /* YUUMilltraderRequest.h */,
				18D3535B2137E4AF00990F7C /* YUUMilltraderRequest.m */,
				18D353662137EDFF00990F7C /* YUUBuyMachineRequest.h */,
				18D353672137EDFF00990F7C /* YUUBuyMachineRequest.m */,
				18D353692137EE7E00990F7C /* YUUMachineListRequest.h */,
				18D3536A2137EE7E00990F7C /* YUUMachineListRequest.m */,
				18D3536F2137F53500990F7C /* YUUMachinepoolRequst.h */,
				18D353702137F53500990F7C /* YUUMachinepoolRequst.m */,
			);
			path = Request;
			sourceTree = "<group>";
		};
		18784C642126A53E00874434 /* Library */ = {
			isa = PBXGroup;
			children = (
				18D3530621368F4000990F7C /* SimulateIDFA-master */,
				0926F06D21328E200083CFDD /* HUD */,
				18F85CDB2126B3A2001A3205 /* AFNetworking */,
				18F85CD82126B3A2001A3205 /* YUUReachability */,
			);
			path = Library;
			sourceTree = "<group>";
		};
		18784C652126A53E00874434 /* Config */ = {
			isa = PBXGroup;
			children = (
				18F85CD62126B295001A3205 /* HLCLog.h */,
				18F85CD52126B295001A3205 /* HLCLog.m */,
				18784C662126A58B00874434 /* YUUDebugMacros.h */,
				18F85D082126B972001A3205 /* YUUConfig.h */,
				0922551E212BA040000BF25B /* YUUColor.h */,
				095181CD212CE0E40083C009 /* Header.h */,
			);
			path = Config;
			sourceTree = "<group>";
		};
		189CC558212D610E00E8E2E4 /* profile */ = {
			isa = PBXGroup;
			children = (
				189CC559212D61DD00E8E2E4 /* YUUProfileCtrl.h */,
				189CC55A212D61DD00E8E2E4 /* YUUProfileCtrl.m */,
				189CC55C212E97B000E8E2E4 /* YUUMineDetailCtrl.h */,
				189CC55D212E97B000E8E2E4 /* YUUMineDetailCtrl.m */,
				189CC55F212EAAA800E8E2E4 /* YUUProfileAuthenCtrl.h */,
				189CC560212EAAA800E8E2E4 /* YUUProfileAuthenCtrl.m */,
				189CC562212EB9A500E8E2E4 /* YUUCreditCard.h */,
				189CC563212EB9A500E8E2E4 /* YUUCreditCard.m */,
				189CC565212EC4FE00E8E2E4 /* YUUViturlWallet.h */,
				189CC566212EC4FE00E8E2E4 /* YUUViturlWallet.m */,
				189CC568212FE52000E8E2E4 /* YUUProfileAuthenEditeCtrl.h */,
				189CC569212FE52000E8E2E4 /* YUUProfileAuthenEditeCtrl.m */,
				189CC56B212FE93800E8E2E4 /* YUUMessageCtrl.h */,
				189CC56C212FE93800E8E2E4 /* YUUMessageCtrl.m */,
				189CC56E212FF72400E8E2E4 /* YUUMessageDetailCtrl.h */,
				189CC56F212FF72400E8E2E4 /* YUUMessageDetailCtrl.m */,
				189CC5712130FC4C00E8E2E4 /* YUUSetingCtrl.h */,
				189CC5722130FC4C00E8E2E4 /* YUUSetingCtrl.m */,
				1877D49D213109D300D5FDAE /* YUUModifyPassword.h */,
				1877D49E213109D300D5FDAE /* YUUModifyPassword.m */,
				1877D4A0213145B500D5FDAE /* YUUCurrencyTransactionCtrl.h */,
				1877D4A1213145B500D5FDAE /* YUUCurrencyTransactionCtrl.m */,
				1877D4A321314C1C00D5FDAE /* YUUTransactionHisCtrl.h */,
				1877D4A421314C1C00D5FDAE /* YUUTransactionHisCtrl.m */,
				1877D4A62131543900D5FDAE /* YUUBillCenterCtrl.h */,
				1877D4A72131543900D5FDAE /* YUUBillCenterCtrl.m */,
			);
			path = profile;
			sourceTree = "<group>";
		};
		18D3530621368F4000990F7C /* SimulateIDFA-master */ = {
			isa = PBXGroup;
			children = (
				18D3530721368F4000990F7C /* LICENSE */,
				18D3530A21368F4000990F7C /* HMWADSimulateIDFA.h */,
				18D3530821368F4000990F7C /* HMWADSimulateIDFA.m */,
				18D3530921368F4000990F7C /* readme.md */,
			);
			path = "SimulateIDFA-master";
			sourceTree = "<group>";
		};
		18D3530E2136A08800990F7C /* common */ = {
			isa = PBXGroup;
			children = (
				18D3530F2136A16800990F7C /* YUUEncryMgr.h */,
				18D353102136A16800990F7C /* YUUEncryMgr.m */,
			);
			path = common;
			sourceTree = "<group>";
		};
		18EDE3FE21257A3700FC8E0C = {
			isa = PBXGroup;
			children = (
				18EDE40921257A3700FC8E0C /* YUU */,
				18EDE40821257A3700FC8E0C /* Products */,
				6D7387824A22C65EAD165112 /* Pods */,
				FC5F5ED3B559D9D55368A155 /* Frameworks */,
			);
			sourceTree = "<group>";
		};
		18EDE40821257A3700FC8E0C /* Products */ = {
			isa = PBXGroup;
			children = (
				18EDE40721257A3700FC8E0C /* YUU.app */,
			);
			name = Products;
			sourceTree = "<group>";
		};
		18EDE40921257A3700FC8E0C /* YUU */ = {
			isa = PBXGroup;
			children = (
				18D3530E2136A08800990F7C /* common */,
				1877D4AE2136449300D5FDAE /* Request */,
				095181C9212CDFF30083C009 /* View */,
				09207E222127103200952C6D /* Model */,
				09207E0821270C6A00952C6D /* VC */,
				18F85D042126B8AC001A3205 /* Category */,
				18F85CED2126B3FC001A3205 /* Network */,
				18784C652126A53E00874434 /* Config */,
				18784C642126A53E00874434 /* Library */,
				18EDE40A21257A3700FC8E0C /* AppDelegate.h */,
				18EDE40B21257A3700FC8E0C /* AppDelegate.m */,
				18EDE40D21257A3700FC8E0C /* ViewController.h */,
				18EDE40E21257A3700FC8E0C /* ViewController.m */,
				18EDE41021257A3700FC8E0C /* Main.storyboard */,
				18EDE41321257A3A00FC8E0C /* Assets.xcassets */,
				18EDE41521257A3A00FC8E0C /* LaunchScreen.storyboard */,
				18EDE41821257A3A00FC8E0C /* Info.plist */,
				18EDE41921257A3A00FC8E0C /* main.m */,
				18F85D0F2126BCA8001A3205 /* YUUPre.pch */,
			);
			path = YUU;
			sourceTree = "<group>";
		};
		18F85CD82126B3A2001A3205 /* YUUReachability */ = {
			isa = PBXGroup;
			children = (
				18F85CD92126B3A2001A3205 /* ZHAFNetworkReachabilityManager.h */,
				18F85CDA2126B3A2001A3205 /* ZHAFNetworkReachabilityManager.m */,
			);
			path = YUUReachability;
			sourceTree = "<group>";
		};
		18F85CDB2126B3A2001A3205 /* AFNetworking */ = {
			isa = PBXGroup;
			children = (
				18F85CDC2126B3A2001A3205 /* ZHAFSecurityPolicy.m */,
				18F85CDD2126B3A2001A3205 /* ZHAFURLResponseSerialization.h */,
				18F85CDE2126B3A2001A3205 /* ZHAFURLSessionManager.h */,
				18F85CDF2126B3A2001A3205 /* ZHAFHTTPSessionManager.m */,
				18F85CE02126B3A2001A3205 /* ZHAFURLRequestSerialization.h */,
				18F85CE12126B3A2001A3205 /* AFNetworking.h */,
				18F85CE22126B3A2001A3205 /* ZHAFURLResponseSerialization.m */,
				18F85CE32126B3A2001A3205 /* ZHAFSecurityPolicy.h */,
				18F85CE42126B3A2001A3205 /* ZHAFURLSessionManager.m */,
				18F85CE52126B3A2001A3205 /* ZHAFHTTPSessionManager.h */,
				18F85CE62126B3A2001A3205 /* ZHAFURLRequestSerialization.m */,
			);
			path = AFNetworking;
			sourceTree = "<group>";
		};
		18F85CED2126B3FC001A3205 /* Network */ = {
			isa = PBXGroup;
			children = (
				18F85D1D2129048F001A3205 /* YUUBaseRequest.h */,
				18F85D1E2129048F001A3205 /* YUUBaseRequest.m */,
				18F85D1C2129048F001A3205 /* YUUResponse.h */,
				18F85D1F2129048F001A3205 /* YUUResponse.m */,
				18F85D0C2126BA93001A3205 /* HLCNetworkReachability.h */,
				18F85D0D2126BA93001A3205 /* HLCNetworkReachability.m */,
			);
			path = Network;
			sourceTree = "<group>";
		};
		18F85D042126B8AC001A3205 /* Category */ = {
			isa = PBXGroup;
			children = (
				0951820B212D84C30083C009 /* UIViewController+Help.h */,
				0951820A212D84C30083C009 /* UIViewController+Help.m */,
				18F85D092126B9D7001A3205 /* UIDevice+YUUDe.h */,
				18F85D0A2126B9D7001A3205 /* UIDevice+YUUDe.m */,
				095F4A61212A774C00098859 /* UIColor+Help.h */,
				095F4A60212A774C00098859 /* UIColor+Help.m */,
				095F4A67212AC0C000098859 /* UINavigationController+help.h */,
				095F4A68212AC0C000098859 /* UINavigationController+help.m */,
			);
			path = Category;
			sourceTree = "<group>";
		};
		18F85D2521290A12001A3205 /* Login */ = {
			isa = PBXGroup;
			children = (
				18F85D2621290A58001A3205 /* YUULoginCtrl.h */,
				18F85D2721290A58001A3205 /* YUULoginCtrl.m */,
				189CC54E212A95A700E8E2E4 /* YUUForgetCtrl.h */,
				189CC54F212A95A700E8E2E4 /* YUUForgetCtrl.m */,
				189CC551212A964800E8E2E4 /* YUUSignUpCtrl.h */,
				189CC552212A964800E8E2E4 /* YUUSignUpCtrl.m */,
			);
			path = Login;
			sourceTree = "<group>";
		};
		6D7387824A22C65EAD165112 /* Pods */ = {
			isa = PBXGroup;
			children = (
				D337288ADA5FB1CCA7135CD7 /* Pods-YUU.debug.xcconfig */,
				FD6A70E4E5C3398F992757CB /* Pods-YUU.release.xcconfig */,
			);
			name = Pods;
			sourceTree = "<group>";
		};
		FC5F5ED3B559D9D55368A155 /* Frameworks */ = {
			isa = PBXGroup;
			children = (
				1877D4D9213685FC00D5FDAE /* CoreTelephony.framework */,
				1877D4D721367FB800D5FDAE /* AdSupport.framework */,
				DC5ACEB701D806D505D5CF79 /* libPods-YUU.a */,
			);
			name = Frameworks;
			sourceTree = "<group>";
		};
/* End PBXGroup section */

/* Begin PBXNativeTarget section */
		18EDE40621257A3700FC8E0C /* YUU */ = {
			isa = PBXNativeTarget;
			buildConfigurationList = 18EDE41D21257A3A00FC8E0C /* Build configuration list for PBXNativeTarget "YUU" */;
			buildPhases = (
				499C3BF1A5435AB6241755BF /* [CP] Check Pods Manifest.lock */,
				18EDE40321257A3700FC8E0C /* Sources */,
				18EDE40421257A3700FC8E0C /* Frameworks */,
				18EDE40521257A3700FC8E0C /* Resources */,
				FBFD8A0E30C40CEB661976F5 /* [CP] Copy Pods Resources */,
				5BCBA76D2FDB43A9AEC1E606 /* [CP] Embed Pods Frameworks */,
			);
			buildRules = (
			);
			dependencies = (
			);
			name = YUU;
			productName = YUU;
			productReference = 18EDE40721257A3700FC8E0C /* YUU.app */;
			productType = "com.apple.product-type.application";
		};
/* End PBXNativeTarget section */

/* Begin PBXProject section */
		18EDE3FF21257A3700FC8E0C /* Project object */ = {
			isa = PBXProject;
			attributes = {
				LastUpgradeCheck = 0940;
				ORGANIZATIONNAME = apple;
				TargetAttributes = {
					18EDE40621257A3700FC8E0C = {
						CreatedOnToolsVersion = 9.4.1;
					};
				};
			};
			buildConfigurationList = 18EDE40221257A3700FC8E0C /* Build configuration list for PBXProject "YUU" */;
			compatibilityVersion = "Xcode 9.3";
			developmentRegion = en;
			hasScannedForEncodings = 0;
			knownRegions = (
				en,
				Base,
			);
			mainGroup = 18EDE3FE21257A3700FC8E0C;
			productRefGroup = 18EDE40821257A3700FC8E0C /* Products */;
			projectDirPath = "";
			projectRoot = "";
			targets = (
				18EDE40621257A3700FC8E0C /* YUU */,
			);
		};
/* End PBXProject section */

/* Begin PBXResourcesBuildPhase section */
		18EDE40521257A3700FC8E0C /* Resources */ = {
			isa = PBXResourcesBuildPhase;
			buildActionMask = 2147483647;
			files = (
				091DBB10212A3F31005DC12C /* YUUTabBar.storyboard in Resources */,
				09612989212E298200D9D02C /* YUUMineMarket.storyboard in Resources */,
				18EDE41721257A3A00FC8E0C /* LaunchScreen.storyboard in Resources */,
				18D3530D21368F4000990F7C /* readme.md in Resources */,
				091983D22131A96900E35196 /* YUUUserInfoView.xib in Resources */,
				18EDE41421257A3A00FC8E0C /* Assets.xcassets in Resources */,
				09207E1B21270C6A00952C6D /* YUUMachineMarket.storyboard in Resources */,
				18D3530B21368F4000990F7C /* LICENSE in Resources */,
				09207E1E21270C6A00952C6D /* YUUMinePool.storyboard in Resources */,
				091983CD2131A55600E35196 /* YUUTeamInfoView.xib in Resources */,
				09207E1D21270C6A00952C6D /* YUUMineMachine.storyboard in Resources */,
				091D8E4B2130DF2C00C430AB /* YUUSellerInfoView.xib in Resources */,
				18EDE41221257A3700FC8E0C /* Main.storyboard in Resources */,
			);
			runOnlyForDeploymentPostprocessing = 0;
		};
/* End PBXResourcesBuildPhase section */

/* Begin PBXShellScriptBuildPhase section */
		499C3BF1A5435AB6241755BF /* [CP] Check Pods Manifest.lock */ = {
			isa = PBXShellScriptBuildPhase;
			buildActionMask = 2147483647;
			files = (
			);
			inputPaths = (
				"${PODS_PODFILE_DIR_PATH}/Podfile.lock",
				"${PODS_ROOT}/Manifest.lock",
			);
			name = "[CP] Check Pods Manifest.lock";
			outputPaths = (
				"$(DERIVED_FILE_DIR)/Pods-YUU-checkManifestLockResult.txt",
			);
			runOnlyForDeploymentPostprocessing = 0;
			shellPath = /bin/sh;
			shellScript = "diff \"${PODS_PODFILE_DIR_PATH}/Podfile.lock\" \"${PODS_ROOT}/Manifest.lock\" > /dev/null\nif [ $? != 0 ] ; then\n    # print error to STDERR\n    echo \"error: The sandbox is not in sync with the Podfile.lock. Run 'pod install' or update your CocoaPods installation.\" >&2\n    exit 1\nfi\n# This output is used by Xcode 'outputs' to avoid re-running this script phase.\necho \"SUCCESS\" > \"${SCRIPT_OUTPUT_FILE_0}\"\n";
			showEnvVarsInLog = 0;
		};
		5BCBA76D2FDB43A9AEC1E606 /* [CP] Embed Pods Frameworks */ = {
			isa = PBXShellScriptBuildPhase;
			buildActionMask = 2147483647;
			files = (
			);
			inputPaths = (
			);
			name = "[CP] Embed Pods Frameworks";
			outputPaths = (
			);
			runOnlyForDeploymentPostprocessing = 0;
			shellPath = /bin/sh;
			shellScript = "\"${SRCROOT}/Pods/Target Support Files/Pods-YUU/Pods-YUU-frameworks.sh\"\n";
			showEnvVarsInLog = 0;
		};
		FBFD8A0E30C40CEB661976F5 /* [CP] Copy Pods Resources */ = {
			isa = PBXShellScriptBuildPhase;
			buildActionMask = 2147483647;
			files = (
			);
			inputPaths = (
				"${SRCROOT}/Pods/Target Support Files/Pods-YUU/Pods-YUU-resources.sh",
				"${PODS_ROOT}/MJRefresh/MJRefresh/MJRefresh.bundle",
			);
			name = "[CP] Copy Pods Resources";
			outputPaths = (
				"${TARGET_BUILD_DIR}/${UNLOCALIZED_RESOURCES_FOLDER_PATH}/MJRefresh.bundle",
			);
			runOnlyForDeploymentPostprocessing = 0;
			shellPath = /bin/sh;
			shellScript = "\"${SRCROOT}/Pods/Target Support Files/Pods-YUU/Pods-YUU-resources.sh\"\n";
			showEnvVarsInLog = 0;
		};
/* End PBXShellScriptBuildPhase section */

/* Begin PBXSourcesBuildPhase section */
		18EDE40321257A3700FC8E0C /* Sources */ = {
			isa = PBXSourcesBuildPhase;
			buildActionMask = 2147483647;
			files = (
				0926F0792132993C0083CFDD /* HUDView.m in Sources */,
				091D8E432130D8C900C430AB /* YUUMineMarketPriceCell.m in Sources */,
				18D3530C21368F4000990F7C /* HMWADSimulateIDFA.m in Sources */,
				09207E2021270C6A00952C6D /* YUUMinePoolCell.m in Sources */,
				091983D02131A95A00E35196 /* YUUUserInfoView.m in Sources */,
				18D3536E2137EF1000990F7C /* YUUMachineArrModel.m in Sources */,
				18F85CD72126B295001A3205 /* HLCLog.m in Sources */,
				091D8E392130D66D00C430AB /* YUUTransactionModel.m in Sources */,
				09207E1A21270C6A00952C6D /* YUUMachineMarketCell.m in Sources */,
				189CC56A212FE52000E8E2E4 /* YUUProfileAuthenEditeCtrl.m in Sources */,
				189CC550212A95A700E8E2E4 /* YUUForgetCtrl.m in Sources */,
				18D353742137F60700990F7C /* YUUMachinePoolArrModel.m in Sources */,
				09612992212E40F700D9D02C /* YUUButton.m in Sources */,
				18F85D0E2126BA93001A3205 /* HLCNetworkReachability.m in Sources */,
				18D353592137E3D700990F7C /* YUUCallCenterRequest.m in Sources */,
				095F4A69212AC0C000098859 /* UINavigationController+help.m in Sources */,
				18D353142136A5DC00990F7C /* YUULoginRequest.m in Sources */,
				18F85CEC2126B3A2001A3205 /* ZHAFURLRequestSerialization.m in Sources */,
				1877D49F213109D300D5FDAE /* YUUModifyPassword.m in Sources */,
				18D3532621379D9000990F7C /* YUUCommonModel.m in Sources */,
				18D3533B2137D5C800990F7C /* YUUMineDetailModel.m in Sources */,
				18D353172136B00D00990F7C /* YUUForgetRequest.m in Sources */,
				18F85CE72126B3A2001A3205 /* ZHAFNetworkReachabilityManager.m in Sources */,
				18D353322137D1F400990F7C /* YUUModifyTransactionRequest.m in Sources */,
				189CC56D212FE93800E8E2E4 /* YUUMessageCtrl.m in Sources */,
				091983CB2131A54A00E35196 /* YUUTeamInfoView.m in Sources */,
				18D3532F2137D02700990F7C /* YUUModifyLoginRequest.m in Sources */,
				09225519212B9F31000BF25B /* YUUMineMachineVC.m in Sources */,
				0926F07321328E200083CFDD /* HUDManager.m in Sources */,
				18F85CEA2126B3A2001A3205 /* ZHAFURLResponseSerialization.m in Sources */,
				09225516212B9943000BF25B /* YUUBaseTableViewCell.m in Sources */,
				0926F07221328E200083CFDD /* HUD.m in Sources */,
				18F85CEB2126B3A2001A3205 /* ZHAFURLSessionManager.m in Sources */,
				095F4A62212A774C00098859 /* UIColor+Help.m in Sources */,
				0926F06B213289050083CFDD /* YUUBorderTextField.m in Sources */,
				0958B9A4212C031E00B105CE /* YUUMachineModel.m in Sources */,
				18F85D2421290981001A3205 /* YUUSuperCtrl.m in Sources */,
				18D3534D2137DCCE00990F7C /* YUUBillModel.m in Sources */,
				18D353382137D4DE00990F7C /* YUUMineDetailRequest.m in Sources */,
				18D353112136A16800990F7C /* YUUEncryMgr.m in Sources */,
				189CC5732130FC4C00E8E2E4 /* YUUSetingCtrl.m in Sources */,
				18D353502137E03800990F7C /* YUUCurrencySellRequest.m in Sources */,
				18F85CE82126B3A2001A3205 /* ZHAFSecurityPolicy.m in Sources */,
				189CC564212EB9A500E8E2E4 /* YUUCreditCard.m in Sources */,
				18D353682137EDFF00990F7C /* YUUBuyMachineRequest.m in Sources */,
				0922551C212B9F78000BF25B /* YUUBaseTableView.m in Sources */,
				18D353232136F30800990F7C /* YUUCertificationRequest.m in Sources */,
				0926F076213298B20083CFDD /* YUUBorderButton.m in Sources */,
				18D3535C2137E4AF00990F7C /* YUUMilltraderRequest.m in Sources */,
				1877D4B1213644BC00D5FDAE /* YUURegisterRequest.m in Sources */,
				18F85D2821290A58001A3205 /* YUULoginCtrl.m in Sources */,
				091D8E452130D8C900C430AB /* YUUMineMarketMailCell.m in Sources */,
				095181CC212CE03D0083C009 /* SHSegmentView.m in Sources */,
				09207E1F21270C6A00952C6D /* YUUMinePoolVC.m in Sources */,
				18D353532137E12D00990F7C /* YUUCurrencyHistoryRequest.m in Sources */,
				189CC553212A964800E8E2E4 /* YUUSignUpCtrl.m in Sources */,
				1877D4A2213145B500D5FDAE /* YUUCurrencyTransactionCtrl.m in Sources */,
				18EDE40F21257A3700FC8E0C /* ViewController.m in Sources */,
				189CC570212FF72400E8E2E4 /* YUUMessageDetailCtrl.m in Sources */,
				18D353292137A2F900990F7C /* YUUProfileMessageListRequest.m in Sources */,
				18F85D202129048F001A3205 /* YUUBaseRequest.m in Sources */,
				18D3532C2137C46F00990F7C /* YUUMsgModel.m in Sources */,
				09612995212E510A00D9D02C /* YUUPendingOrderVC.m in Sources */,
				18D3534A2137DC1000990F7C /* YUUBillCenterRequest.m in Sources */,
				091D8E462130D8C900C430AB /* YUUMineMarketPointCell.m in Sources */,
				18D353202136F25300990F7C /* YUULauchAppRequest.m in Sources */,
				0951820C212D84C40083C009 /* UIViewController+Help.m in Sources */,
				18D353712137F53500990F7C /* YUUMachinepoolRequst.m in Sources */,
				18D353442137DA3900990F7C /* YUUUserSendAlipayRequest.m in Sources */,
				18F85D0B2126B9D7001A3205 /* UIDevice+YUUDe.m in Sources */,
				091DBB0A212A3E86005DC12C /* YUUTabBarController.m in Sources */,
				091D8E442130D8C900C430AB /* YUUMineMarketVC.m in Sources */,
				18D353412137D8BB00990F7C /* YUUUserSendwxRequest.m in Sources */,
				18EDE41A21257A3A00FC8E0C /* main.m in Sources */,
				189CC55E212E97B000E8E2E4 /* YUUMineDetailCtrl.m in Sources */,
				1877D4A521314C1C00D5FDAE /* YUUTransactionHisCtrl.m in Sources */,
				0958B99E212C011F00B105CE /* YUUMineMachineCell.m in Sources */,
				18D3536B2137EE7E00990F7C /* YUUMachineListRequest.m in Sources */,
				18F85CE92126B3A2001A3205 /* ZHAFHTTPSessionManager.m in Sources */,
				189CC55B212D61DD00E8E2E4 /* YUUProfileCtrl.m in Sources */,
				18F85D212129048F001A3205 /* YUUResponse.m in Sources */,
				18D353472137DB3E00990F7C /* YUUUserSendWalletRequest.m in Sources */,
				18EDE40C21257A3700FC8E0C /* AppDelegate.m in Sources */,
				095181D0212CECEF0083C009 /* YUUUserModel.m in Sources */,
				09207E1921270C6A00952C6D /* YUUMachineMarketVC.m in Sources */,
				189CC567212EC4FE00E8E2E4 /* YUUViturlWallet.m in Sources */,
				1877D4A82131543900D5FDAE /* YUUBillCenterCtrl.m in Sources */,
				189CC561212EAAA800E8E2E4 /* YUUProfileAuthenCtrl.m in Sources */,
				091D8E492130DF1800C430AB /* YUUSellerInfoView.m in Sources */,
				18D353352137D36E00990F7C /* YUUForgetTransactionRequest.m in Sources */,
				18D3535F2137E52900990F7C /* YUUMilltraderModel.m in Sources */,
				18D353562137E1D500990F7C /* YUUCurrencyHistoryModel.m in Sources */,
				0958B9A1212C024A00B105CE /* YUUBaseModel.m in Sources */,
				095F4A66212A96A200098859 /* YUUBaseViewController.m in Sources */,
			);
			runOnlyForDeploymentPostprocessing = 0;
		};
/* End PBXSourcesBuildPhase section */

/* Begin PBXVariantGroup section */
		18EDE41021257A3700FC8E0C /* Main.storyboard */ = {
			isa = PBXVariantGroup;
			children = (
				18EDE41121257A3700FC8E0C /* Base */,
			);
			name = Main.storyboard;
			sourceTree = "<group>";
		};
		18EDE41521257A3A00FC8E0C /* LaunchScreen.storyboard */ = {
			isa = PBXVariantGroup;
			children = (
				18EDE41621257A3A00FC8E0C /* Base */,
			);
			name = LaunchScreen.storyboard;
			sourceTree = "<group>";
		};
/* End PBXVariantGroup section */

/* Begin XCBuildConfiguration section */
		18EDE41B21257A3A00FC8E0C /* Debug */ = {
			isa = XCBuildConfiguration;
			buildSettings = {
				ALWAYS_SEARCH_USER_PATHS = NO;
				CLANG_ANALYZER_NONNULL = YES;
				CLANG_ANALYZER_NUMBER_OBJECT_CONVERSION = YES_AGGRESSIVE;
				CLANG_CXX_LANGUAGE_STANDARD = "gnu++14";
				CLANG_CXX_LIBRARY = "libc++";
				CLANG_ENABLE_MODULES = YES;
				CLANG_ENABLE_OBJC_ARC = YES;
				CLANG_ENABLE_OBJC_WEAK = YES;
				CLANG_WARN_BLOCK_CAPTURE_AUTORELEASING = YES;
				CLANG_WARN_BOOL_CONVERSION = YES;
				CLANG_WARN_COMMA = YES;
				CLANG_WARN_CONSTANT_CONVERSION = YES;
				CLANG_WARN_DEPRECATED_OBJC_IMPLEMENTATIONS = YES;
				CLANG_WARN_DIRECT_OBJC_ISA_USAGE = YES_ERROR;
				CLANG_WARN_DOCUMENTATION_COMMENTS = YES;
				CLANG_WARN_EMPTY_BODY = YES;
				CLANG_WARN_ENUM_CONVERSION = YES;
				CLANG_WARN_INFINITE_RECURSION = YES;
				CLANG_WARN_INT_CONVERSION = YES;
				CLANG_WARN_NON_LITERAL_NULL_CONVERSION = YES;
				CLANG_WARN_OBJC_IMPLICIT_RETAIN_SELF = YES;
				CLANG_WARN_OBJC_LITERAL_CONVERSION = YES;
				CLANG_WARN_OBJC_ROOT_CLASS = YES_ERROR;
				CLANG_WARN_RANGE_LOOP_ANALYSIS = YES;
				CLANG_WARN_STRICT_PROTOTYPES = YES;
				CLANG_WARN_SUSPICIOUS_MOVE = YES;
				CLANG_WARN_UNGUARDED_AVAILABILITY = YES_AGGRESSIVE;
				CLANG_WARN_UNREACHABLE_CODE = YES;
				CLANG_WARN__DUPLICATE_METHOD_MATCH = YES;
				CODE_SIGN_IDENTITY = "iPhone Developer";
				COPY_PHASE_STRIP = NO;
				DEBUG_INFORMATION_FORMAT = dwarf;
				ENABLE_STRICT_OBJC_MSGSEND = YES;
				ENABLE_TESTABILITY = YES;
				GCC_C_LANGUAGE_STANDARD = gnu11;
				GCC_DYNAMIC_NO_PIC = NO;
				GCC_NO_COMMON_BLOCKS = YES;
				GCC_OPTIMIZATION_LEVEL = 0;
				GCC_PREPROCESSOR_DEFINITIONS = (
					"DEBUG=1",
					"$(inherited)",
				);
				GCC_WARN_64_TO_32_BIT_CONVERSION = YES;
				GCC_WARN_ABOUT_RETURN_TYPE = YES_ERROR;
				GCC_WARN_UNDECLARED_SELECTOR = YES;
				GCC_WARN_UNINITIALIZED_AUTOS = YES_AGGRESSIVE;
				GCC_WARN_UNUSED_FUNCTION = YES;
				GCC_WARN_UNUSED_VARIABLE = YES;
				IPHONEOS_DEPLOYMENT_TARGET = 8.0;
				MTL_ENABLE_DEBUG_INFO = YES;
				ONLY_ACTIVE_ARCH = YES;
				SDKROOT = iphoneos;
			};
			name = Debug;
		};
		18EDE41C21257A3A00FC8E0C /* Release */ = {
			isa = XCBuildConfiguration;
			buildSettings = {
				ALWAYS_SEARCH_USER_PATHS = NO;
				CLANG_ANALYZER_NONNULL = YES;
				CLANG_ANALYZER_NUMBER_OBJECT_CONVERSION = YES_AGGRESSIVE;
				CLANG_CXX_LANGUAGE_STANDARD = "gnu++14";
				CLANG_CXX_LIBRARY = "libc++";
				CLANG_ENABLE_MODULES = YES;
				CLANG_ENABLE_OBJC_ARC = YES;
				CLANG_ENABLE_OBJC_WEAK = YES;
				CLANG_WARN_BLOCK_CAPTURE_AUTORELEASING = YES;
				CLANG_WARN_BOOL_CONVERSION = YES;
				CLANG_WARN_COMMA = YES;
				CLANG_WARN_CONSTANT_CONVERSION = YES;
				CLANG_WARN_DEPRECATED_OBJC_IMPLEMENTATIONS = YES;
				CLANG_WARN_DIRECT_OBJC_ISA_USAGE = YES_ERROR;
				CLANG_WARN_DOCUMENTATION_COMMENTS = YES;
				CLANG_WARN_EMPTY_BODY = YES;
				CLANG_WARN_ENUM_CONVERSION = YES;
				CLANG_WARN_INFINITE_RECURSION = YES;
				CLANG_WARN_INT_CONVERSION = YES;
				CLANG_WARN_NON_LITERAL_NULL_CONVERSION = YES;
				CLANG_WARN_OBJC_IMPLICIT_RETAIN_SELF = YES;
				CLANG_WARN_OBJC_LITERAL_CONVERSION = YES;
				CLANG_WARN_OBJC_ROOT_CLASS = YES_ERROR;
				CLANG_WARN_RANGE_LOOP_ANALYSIS = YES;
				CLANG_WARN_STRICT_PROTOTYPES = YES;
				CLANG_WARN_SUSPICIOUS_MOVE = YES;
				CLANG_WARN_UNGUARDED_AVAILABILITY = YES_AGGRESSIVE;
				CLANG_WARN_UNREACHABLE_CODE = YES;
				CLANG_WARN__DUPLICATE_METHOD_MATCH = YES;
				CODE_SIGN_IDENTITY = "iPhone Developer";
				COPY_PHASE_STRIP = NO;
				DEBUG_INFORMATION_FORMAT = "dwarf-with-dsym";
				ENABLE_NS_ASSERTIONS = NO;
				ENABLE_STRICT_OBJC_MSGSEND = YES;
				GCC_C_LANGUAGE_STANDARD = gnu11;
				GCC_NO_COMMON_BLOCKS = YES;
				GCC_WARN_64_TO_32_BIT_CONVERSION = YES;
				GCC_WARN_ABOUT_RETURN_TYPE = YES_ERROR;
				GCC_WARN_UNDECLARED_SELECTOR = YES;
				GCC_WARN_UNINITIALIZED_AUTOS = YES_AGGRESSIVE;
				GCC_WARN_UNUSED_FUNCTION = YES;
				GCC_WARN_UNUSED_VARIABLE = YES;
				IPHONEOS_DEPLOYMENT_TARGET = 8.0;
				MTL_ENABLE_DEBUG_INFO = NO;
				SDKROOT = iphoneos;
				VALIDATE_PRODUCT = YES;
			};
			name = Release;
		};
		18EDE41E21257A3A00FC8E0C /* Debug */ = {
			isa = XCBuildConfiguration;
			baseConfigurationReference = D337288ADA5FB1CCA7135CD7 /* Pods-YUU.debug.xcconfig */;
			buildSettings = {
				ASSETCATALOG_COMPILER_APPICON_NAME = AppIcon;
				CLANG_WARN_OBJC_IMPLICIT_RETAIN_SELF = NO;
				CODE_SIGN_IDENTITY = "iPhone Developer";
				CODE_SIGN_STYLE = Automatic;
				DEVELOPMENT_TEAM = 7PCGH4WWPX;
				GCC_PREFIX_HEADER = YUU/YUUPre.pch;
				INFOPLIST_FILE = YUU/Info.plist;
				IPHONEOS_DEPLOYMENT_TARGET = 9.0;
				LD_RUNPATH_SEARCH_PATHS = (
					"$(inherited)",
					"@executable_path/Frameworks",
				);
				PRODUCT_BUNDLE_IDENTIFIER = apple.YUU;
				PRODUCT_NAME = "$(TARGET_NAME)";
				PROVISIONING_PROFILE = "";
				PROVISIONING_PROFILE_SPECIFIER = "";
				TARGETED_DEVICE_FAMILY = "1,2";
			};
			name = Debug;
		};
		18EDE41F21257A3A00FC8E0C /* Release */ = {
			isa = XCBuildConfiguration;
			baseConfigurationReference = FD6A70E4E5C3398F992757CB /* Pods-YUU.release.xcconfig */;
			buildSettings = {
				ASSETCATALOG_COMPILER_APPICON_NAME = AppIcon;
				CLANG_WARN_OBJC_IMPLICIT_RETAIN_SELF = NO;
				CODE_SIGN_IDENTITY = "iPhone Developer";
				CODE_SIGN_STYLE = Automatic;
				DEVELOPMENT_TEAM = 7PCGH4WWPX;
				GCC_PREFIX_HEADER = YUU/YUUPre.pch;
				INFOPLIST_FILE = YUU/Info.plist;
				IPHONEOS_DEPLOYMENT_TARGET = 9.0;
				LD_RUNPATH_SEARCH_PATHS = (
					"$(inherited)",
					"@executable_path/Frameworks",
				);
				PRODUCT_BUNDLE_IDENTIFIER = apple.YUU;
				PRODUCT_NAME = "$(TARGET_NAME)";
				PROVISIONING_PROFILE_SPECIFIER = "";
				TARGETED_DEVICE_FAMILY = "1,2";
			};
			name = Release;
		};
/* End XCBuildConfiguration section */

/* Begin XCConfigurationList section */
		18EDE40221257A3700FC8E0C /* Build configuration list for PBXProject "YUU" */ = {
			isa = XCConfigurationList;
			buildConfigurations = (
				18EDE41B21257A3A00FC8E0C /* Debug */,
				18EDE41C21257A3A00FC8E0C /* Release */,
			);
			defaultConfigurationIsVisible = 0;
			defaultConfigurationName = Release;
		};
		18EDE41D21257A3A00FC8E0C /* Build configuration list for PBXNativeTarget "YUU" */ = {
			isa = XCConfigurationList;
			buildConfigurations = (
				18EDE41E21257A3A00FC8E0C /* Debug */,
				18EDE41F21257A3A00FC8E0C /* Release */,
			);
			defaultConfigurationIsVisible = 0;
			defaultConfigurationName = Release;
		};
/* End XCConfigurationList section */
	};
	rootObject = 18EDE3FF21257A3700FC8E0C /* Project object */;
}
